// !$*UTF8*$!
{
	archiveVersion = 1;
	classes = {
	};
	objectVersion = 46;
	objects = {

/* Begin PBXBuildFile section */
		0F27C8531D5AC0BA00AA8987 /* main.m in Sources */ = {isa = PBXBuildFile; fileRef = 0F27C8521D5AC0BA00AA8987 /* main.m */; };
		0F27C8561D5AC0BA00AA8987 /* AppDelegate.m in Sources */ = {isa = PBXBuildFile; fileRef = 0F27C8551D5AC0BA00AA8987 /* AppDelegate.m */; };
		0F27C8591D5AC0BA00AA8987 /* ViewController.m in Sources */ = {isa = PBXBuildFile; fileRef = 0F27C8581D5AC0BA00AA8987 /* ViewController.m */; };
		0F27C85C1D5AC0BA00AA8987 /* Main.storyboard in Resources */ = {isa = PBXBuildFile; fileRef = 0F27C85A1D5AC0BA00AA8987 /* Main.storyboard */; };
		0F27C85E1D5AC0BA00AA8987 /* Assets.xcassets in Resources */ = {isa = PBXBuildFile; fileRef = 0F27C85D1D5AC0BA00AA8987 /* Assets.xcassets */; };
		0F27C8611D5AC0BA00AA8987 /* LaunchScreen.storyboard in Resources */ = {isa = PBXBuildFile; fileRef = 0F27C85F1D5AC0BA00AA8987 /* LaunchScreen.storyboard */; };
		0F27C86A1D5B105000AA8987 /* AVFoundation.framework in Frameworks */ = {isa = PBXBuildFile; fileRef = 0F27C8691D5B105000AA8987 /* AVFoundation.framework */; };
		0F27C9101D5B3C8100AA8987 /* libz.tbd in Frameworks */ = {isa = PBXBuildFile; fileRef = 0F27C90F1D5B3C8100AA8987 /* libz.tbd */; };
		0F27C9121D5B3CA300AA8987 /* libbz2.tbd in Frameworks */ = {isa = PBXBuildFile; fileRef = 0F27C9111D5B3CA300AA8987 /* libbz2.tbd */; };
		0F27C9141D5B3CA800AA8987 /* libiconv.tbd in Frameworks */ = {isa = PBXBuildFile; fileRef = 0F27C9131D5B3CA800AA8987 /* libiconv.tbd */; };
		5BD29818C0A32FE8FBAF91BD /* libPods-LiveBroadcast.a in Frameworks */ = {isa = PBXBuildFile; fileRef = 863A57FF338F35D14EDACDE0 /* libPods-LiveBroadcast.a */; };
		6D2B1D6A1D61A10E00B07F30 /* libFFmpegWrapper.a in Frameworks */ = {isa = PBXBuildFile; fileRef = 6D2B1D691D61A10E00B07F30 /* libFFmpegWrapper.a */; };
		6D2B1D751D61A11700B07F30 /* libAFNetworking.a in Frameworks */ = {isa = PBXBuildFile; fileRef = 6D2B1D6B1D61A11700B07F30 /* libAFNetworking.a */; };
		6D2B1D761D61A11700B07F30 /* libAFOAuth2Manager.a in Frameworks */ = {isa = PBXBuildFile; fileRef = 6D2B1D6C1D61A11700B07F30 /* libAFOAuth2Manager.a */; };
		6D2B1D771D61A11700B07F30 /* libAWSCore.a in Frameworks */ = {isa = PBXBuildFile; fileRef = 6D2B1D6D1D61A11700B07F30 /* libAWSCore.a */; };
		6D2B1D781D61A11700B07F30 /* libAWSS3.a in Frameworks */ = {isa = PBXBuildFile; fileRef = 6D2B1D6E1D61A11700B07F30 /* libAWSS3.a */; };
		6D2B1D791D61A11700B07F30 /* libCocoaLumberjack.a in Frameworks */ = {isa = PBXBuildFile; fileRef = 6D2B1D6F1D61A11700B07F30 /* libCocoaLumberjack.a */; };
		6D2B1D7A1D61A11700B07F30 /* libFormatterKit.a in Frameworks */ = {isa = PBXBuildFile; fileRef = 6D2B1D701D61A11700B07F30 /* libFormatterKit.a */; };
		6D2B1D7B1D61A11700B07F30 /* libMantle.a in Frameworks */ = {isa = PBXBuildFile; fileRef = 6D2B1D711D61A11700B07F30 /* libMantle.a */; };
		6D2B1D7C1D61A11700B07F30 /* libPureLayout.a in Frameworks */ = {isa = PBXBuildFile; fileRef = 6D2B1D721D61A11700B07F30 /* libPureLayout.a */; };
		6D2B1D7D1D61A11700B07F30 /* libSDWebImage.a in Frameworks */ = {isa = PBXBuildFile; fileRef = 6D2B1D731D61A11700B07F30 /* libSDWebImage.a */; };
		6D2B1D7E1D61A11700B07F30 /* libSSKeychain.a in Frameworks */ = {isa = PBXBuildFile; fileRef = 6D2B1D741D61A11700B07F30 /* libSSKeychain.a */; };
		6D43FED31D5C1E08008A1FC7 /* KFAPIClient.m in Sources */ = {isa = PBXBuildFile; fileRef = 6D43FE821D5C1E08008A1FC7 /* KFAPIClient.m */; };
		6D43FED41D5C1E08008A1FC7 /* KFPaginationInfo.m in Sources */ = {isa = PBXBuildFile; fileRef = 6D43FE841D5C1E08008A1FC7 /* KFPaginationInfo.m */; };
		6D43FED51D5C1E08008A1FC7 /* KFRTMPStream.m in Sources */ = {isa = PBXBuildFile; fileRef = 6D43FE861D5C1E08008A1FC7 /* KFRTMPStream.m */; };
		6D43FED61D5C1E08008A1FC7 /* KFS3Stream.m in Sources */ = {isa = PBXBuildFile; fileRef = 6D43FE881D5C1E08008A1FC7 /* KFS3Stream.m */; };
		6D43FED71D5C1E08008A1FC7 /* KFStream.m in Sources */ = {isa = PBXBuildFile; fileRef = 6D43FE8A1D5C1E08008A1FC7 /* KFStream.m */; };
		6D43FED81D5C1E08008A1FC7 /* KFUser.m in Sources */ = {isa = PBXBuildFile; fileRef = 6D43FE8C1D5C1E08008A1FC7 /* KFUser.m */; };
		6D43FED91D5C1E08008A1FC7 /* KFAACEncoder.m in Sources */ = {isa = PBXBuildFile; fileRef = 6D43FE911D5C1E08008A1FC7 /* KFAACEncoder.m */; };
		6D43FEDA1D5C1E08008A1FC7 /* KFAudioEncoder.m in Sources */ = {isa = PBXBuildFile; fileRef = 6D43FE931D5C1E08008A1FC7 /* KFAudioEncoder.m */; };
		6D43FEDB1D5C1E08008A1FC7 /* KFEncoder.m in Sources */ = {isa = PBXBuildFile; fileRef = 6D43FE951D5C1E08008A1FC7 /* KFEncoder.m */; };
		6D43FEDC1D5C1E08008A1FC7 /* KFFrame.m in Sources */ = {isa = PBXBuildFile; fileRef = 6D43FE971D5C1E08008A1FC7 /* KFFrame.m */; };
		6D43FEDD1D5C1E08008A1FC7 /* AVEncoder.mm in Sources */ = {isa = PBXBuildFile; fileRef = 6D43FE9B1D5C1E08008A1FC7 /* AVEncoder.mm */; };
		6D43FEDE1D5C1E08008A1FC7 /* KFH264Encoder.mm in Sources */ = {isa = PBXBuildFile; fileRef = 6D43FE9D1D5C1E08008A1FC7 /* KFH264Encoder.mm */; };
		6D43FEDF1D5C1E08008A1FC7 /* LICENSE.markdown in Sources */ = {isa = PBXBuildFile; fileRef = 6D43FE9E1D5C1E08008A1FC7 /* LICENSE.markdown */; };
		6D43FEE01D5C1E08008A1FC7 /* MP4Atom.m in Sources */ = {isa = PBXBuildFile; fileRef = 6D43FEA01D5C1E08008A1FC7 /* MP4Atom.m */; };
		6D43FEE11D5C1E08008A1FC7 /* NALUnit.cpp in Sources */ = {isa = PBXBuildFile; fileRef = 6D43FEA11D5C1E08008A1FC7 /* NALUnit.cpp */; };
		6D43FEE21D5C1E08008A1FC7 /* VideoEncoder.m in Sources */ = {isa = PBXBuildFile; fileRef = 6D43FEA41D5C1E08008A1FC7 /* VideoEncoder.m */; };
		6D43FEE31D5C1E08008A1FC7 /* KFVideoEncoder.m in Sources */ = {isa = PBXBuildFile; fileRef = 6D43FEA61D5C1E08008A1FC7 /* KFVideoEncoder.m */; };
		6D43FEE41D5C1E08008A1FC7 /* KFVideoFrame.m in Sources */ = {isa = PBXBuildFile; fileRef = 6D43FEA81D5C1E08008A1FC7 /* KFVideoFrame.m */; };
		6D43FEE51D5C1E08008A1FC7 /* KFRecorder.m in Sources */ = {isa = PBXBuildFile; fileRef = 6D43FEAB1D5C1E08008A1FC7 /* KFRecorder.m */; };
		6D43FEE61D5C1E08008A1FC7 /* Kickflip.m in Sources */ = {isa = PBXBuildFile; fileRef = 6D43FEAE1D5C1E08008A1FC7 /* Kickflip.m */; };
		6D43FEE71D5C1E08008A1FC7 /* KFDirectoryWatcher.m in Sources */ = {isa = PBXBuildFile; fileRef = 6D43FEB31D5C1E08008A1FC7 /* KFDirectoryWatcher.m */; };
		6D43FEE81D5C1E08008A1FC7 /* KFHLSManifestGenerator.m in Sources */ = {isa = PBXBuildFile; fileRef = 6D43FEB51D5C1E08008A1FC7 /* KFHLSManifestGenerator.m */; };
		6D43FEE91D5C1E08008A1FC7 /* KFHLSMonitor.m in Sources */ = {isa = PBXBuildFile; fileRef = 6D43FEB71D5C1E08008A1FC7 /* KFHLSMonitor.m */; };
		6D43FEEA1D5C1E08008A1FC7 /* KFHLSUploader.m in Sources */ = {isa = PBXBuildFile; fileRef = 6D43FEB91D5C1E08008A1FC7 /* KFHLSUploader.m */; };
		6D43FEEB1D5C1E08008A1FC7 /* KFHLSWriter.m in Sources */ = {isa = PBXBuildFile; fileRef = 6D43FEBB1D5C1E08008A1FC7 /* KFHLSWriter.m */; };
		6D43FEEC1D5C1E08008A1FC7 /* KFCameraReverse@2x.png in Resources */ = {isa = PBXBuildFile; fileRef = 6D43FEBD1D5C1E08008A1FC7 /* KFCameraReverse@2x.png */; };
		6D43FEED1D5C1E08008A1FC7 /* KFCameraReversePressed@2x.png in Resources */ = {isa = PBXBuildFile; fileRef = 6D43FEBE1D5C1E08008A1FC7 /* KFCameraReversePressed@2x.png */; };
		6D43FEEE1D5C1E08008A1FC7 /* KFDeviceRotation@2x.png in Resources */ = {isa = PBXBuildFile; fileRef = 6D43FEBF1D5C1E08008A1FC7 /* KFDeviceRotation@2x.png */; };
		6D43FEEF1D5C1E08008A1FC7 /* KFRecordButtonBorder@2x.png in Resources */ = {isa = PBXBuildFile; fileRef = 6D43FEC01D5C1E08008A1FC7 /* KFRecordButtonBorder@2x.png */; };
		6D43FEF01D5C1E08008A1FC7 /* KFRecordButtonStart@2x.png in Resources */ = {isa = PBXBuildFile; fileRef = 6D43FEC11D5C1E08008A1FC7 /* KFRecordButtonStart@2x.png */; };
		6D43FEF11D5C1E08008A1FC7 /* KFRecordButtonStop@2x.png in Resources */ = {isa = PBXBuildFile; fileRef = 6D43FEC21D5C1E08008A1FC7 /* KFRecordButtonStop@2x.png */; };
		6D43FEF21D5C1E08008A1FC7 /* KFStreamTableViewCellDots@2x.png in Resources */ = {isa = PBXBuildFile; fileRef = 6D43FEC31D5C1E08008A1FC7 /* KFStreamTableViewCellDots@2x.png */; };
		6D43FEF31D5C1E08008A1FC7 /* KFAWSCredentialsProvider.m in Sources */ = {isa = PBXBuildFile; fileRef = 6D43FEC61D5C1E08008A1FC7 /* KFAWSCredentialsProvider.m */; settings = {COMPILER_FLAGS = "-ObjC"; }; };
		6D43FEF41D5C1E08008A1FC7 /* KFDateUtils.m in Sources */ = {isa = PBXBuildFile; fileRef = 6D43FEC81D5C1E08008A1FC7 /* KFDateUtils.m */; };
		6D43FEF51D5C1E08008A1FC7 /* KFBroadcastViewController.m in Sources */ = {isa = PBXBuildFile; fileRef = 6D43FECC1D5C1E08008A1FC7 /* KFBroadcastViewController.m */; };
		6D43FEF61D5C1E08008A1FC7 /* KFLiveBannerView.m in Sources */ = {isa = PBXBuildFile; fileRef = 6D43FECE1D5C1E08008A1FC7 /* KFLiveBannerView.m */; };
		6D43FEF71D5C1E08008A1FC7 /* KFRecordButton.m in Sources */ = {isa = PBXBuildFile; fileRef = 6D43FED01D5C1E08008A1FC7 /* KFRecordButton.m */; };
		6D43FEF81D5C1E08008A1FC7 /* KFStreamTableViewCell.m in Sources */ = {isa = PBXBuildFile; fileRef = 6D43FED21D5C1E08008A1FC7 /* KFStreamTableViewCell.m */; };
		6D43FEFF1D5C20B3008A1FC7 /* librtmp.a in Frameworks */ = {isa = PBXBuildFile; fileRef = 6D43FEFE1D5C20B3008A1FC7 /* librtmp.a */; };
/* End PBXBuildFile section */

/* Begin PBXFileReference section */
		0F27C84E1D5AC0BA00AA8987 /* LiveBroadcast.app */ = {isa = PBXFileReference; explicitFileType = wrapper.application; includeInIndex = 0; path = LiveBroadcast.app; sourceTree = BUILT_PRODUCTS_DIR; };
		0F27C8521D5AC0BA00AA8987 /* main.m */ = {isa = PBXFileReference; lastKnownFileType = sourcecode.c.objc; path = main.m; sourceTree = "<group>"; };
		0F27C8541D5AC0BA00AA8987 /* AppDelegate.h */ = {isa = PBXFileReference; lastKnownFileType = sourcecode.c.h; path = AppDelegate.h; sourceTree = "<group>"; };
		0F27C8551D5AC0BA00AA8987 /* AppDelegate.m */ = {isa = PBXFileReference; lastKnownFileType = sourcecode.c.objc; path = AppDelegate.m; sourceTree = "<group>"; };
		0F27C8571D5AC0BA00AA8987 /* ViewController.h */ = {isa = PBXFileReference; lastKnownFileType = sourcecode.c.h; path = ViewController.h; sourceTree = "<group>"; };
		0F27C8581D5AC0BA00AA8987 /* ViewController.m */ = {isa = PBXFileReference; lastKnownFileType = sourcecode.c.objc; path = ViewController.m; sourceTree = "<group>"; };
		0F27C85B1D5AC0BA00AA8987 /* Base */ = {isa = PBXFileReference; lastKnownFileType = file.storyboard; name = Base; path = Base.lproj/Main.storyboard; sourceTree = "<group>"; };
		0F27C85D1D5AC0BA00AA8987 /* Assets.xcassets */ = {isa = PBXFileReference; lastKnownFileType = folder.assetcatalog; name = Assets.xcassets; path = LiveBroadcast/Assets.xcassets; sourceTree = "<group>"; };
		0F27C8601D5AC0BA00AA8987 /* Base */ = {isa = PBXFileReference; lastKnownFileType = file.storyboard; name = Base; path = Base.lproj/LaunchScreen.storyboard; sourceTree = "<group>"; };
		0F27C8621D5AC0BA00AA8987 /* Info.plist */ = {isa = PBXFileReference; lastKnownFileType = text.plist.xml; path = Info.plist; sourceTree = "<group>"; };
		0F27C8691D5B105000AA8987 /* AVFoundation.framework */ = {isa = PBXFileReference; lastKnownFileType = wrapper.framework; name = AVFoundation.framework; path = System/Library/Frameworks/AVFoundation.framework; sourceTree = SDKROOT; };
		0F27C88D1D5B39DC00AA8987 /* avcodec.h */ = {isa = PBXFileReference; fileEncoding = 4; lastKnownFileType = sourcecode.c.h; path = avcodec.h; sourceTree = "<group>"; };
		0F27C88E1D5B39DC00AA8987 /* avfft.h */ = {isa = PBXFileReference; fileEncoding = 4; lastKnownFileType = sourcecode.c.h; path = avfft.h; sourceTree = "<group>"; };
		0F27C88F1D5B39DC00AA8987 /* d3d11va.h */ = {isa = PBXFileReference; fileEncoding = 4; lastKnownFileType = sourcecode.c.h; path = d3d11va.h; sourceTree = "<group>"; };
		0F27C8901D5B39DC00AA8987 /* dv_profile.h */ = {isa = PBXFileReference; fileEncoding = 4; lastKnownFileType = sourcecode.c.h; path = dv_profile.h; sourceTree = "<group>"; };
		0F27C8911D5B39DC00AA8987 /* dxva2.h */ = {isa = PBXFileReference; fileEncoding = 4; lastKnownFileType = sourcecode.c.h; path = dxva2.h; sourceTree = "<group>"; };
		0F27C8921D5B39DC00AA8987 /* old_codec_ids.h */ = {isa = PBXFileReference; fileEncoding = 4; lastKnownFileType = sourcecode.c.h; path = old_codec_ids.h; sourceTree = "<group>"; };
		0F27C8931D5B39DC00AA8987 /* qsv.h */ = {isa = PBXFileReference; fileEncoding = 4; lastKnownFileType = sourcecode.c.h; path = qsv.h; sourceTree = "<group>"; };
		0F27C8941D5B39DC00AA8987 /* vaapi.h */ = {isa = PBXFileReference; fileEncoding = 4; lastKnownFileType = sourcecode.c.h; path = vaapi.h; sourceTree = "<group>"; };
		0F27C8951D5B39DC00AA8987 /* vda.h */ = {isa = PBXFileReference; fileEncoding = 4; lastKnownFileType = sourcecode.c.h; path = vda.h; sourceTree = "<group>"; };
		0F27C8961D5B39DC00AA8987 /* vdpau.h */ = {isa = PBXFileReference; fileEncoding = 4; lastKnownFileType = sourcecode.c.h; path = vdpau.h; sourceTree = "<group>"; };
		0F27C8971D5B39DC00AA8987 /* version.h */ = {isa = PBXFileReference; fileEncoding = 4; lastKnownFileType = sourcecode.c.h; path = version.h; sourceTree = "<group>"; };
		0F27C8981D5B39DC00AA8987 /* videotoolbox.h */ = {isa = PBXFileReference; fileEncoding = 4; lastKnownFileType = sourcecode.c.h; path = videotoolbox.h; sourceTree = "<group>"; };
		0F27C8991D5B39DC00AA8987 /* vorbis_parser.h */ = {isa = PBXFileReference; fileEncoding = 4; lastKnownFileType = sourcecode.c.h; path = vorbis_parser.h; sourceTree = "<group>"; };
		0F27C89A1D5B39DC00AA8987 /* xvmc.h */ = {isa = PBXFileReference; fileEncoding = 4; lastKnownFileType = sourcecode.c.h; path = xvmc.h; sourceTree = "<group>"; };
		0F27C89C1D5B39DC00AA8987 /* avdevice.h */ = {isa = PBXFileReference; fileEncoding = 4; lastKnownFileType = sourcecode.c.h; path = avdevice.h; sourceTree = "<group>"; };
		0F27C89D1D5B39DC00AA8987 /* version.h */ = {isa = PBXFileReference; fileEncoding = 4; lastKnownFileType = sourcecode.c.h; path = version.h; sourceTree = "<group>"; };
		0F27C89F1D5B39DC00AA8987 /* asrc_abuffer.h */ = {isa = PBXFileReference; fileEncoding = 4; lastKnownFileType = sourcecode.c.h; path = asrc_abuffer.h; sourceTree = "<group>"; };
		0F27C8A01D5B39DC00AA8987 /* avcodec.h */ = {isa = PBXFileReference; fileEncoding = 4; lastKnownFileType = sourcecode.c.h; path = avcodec.h; sourceTree = "<group>"; };
		0F27C8A11D5B39DC00AA8987 /* avfilter.h */ = {isa = PBXFileReference; fileEncoding = 4; lastKnownFileType = sourcecode.c.h; path = avfilter.h; sourceTree = "<group>"; };
		0F27C8A21D5B39DC00AA8987 /* avfiltergraph.h */ = {isa = PBXFileReference; fileEncoding = 4; lastKnownFileType = sourcecode.c.h; path = avfiltergraph.h; sourceTree = "<group>"; };
		0F27C8A31D5B39DC00AA8987 /* buffersink.h */ = {isa = PBXFileReference; fileEncoding = 4; lastKnownFileType = sourcecode.c.h; path = buffersink.h; sourceTree = "<group>"; };
		0F27C8A41D5B39DC00AA8987 /* buffersrc.h */ = {isa = PBXFileReference; fileEncoding = 4; lastKnownFileType = sourcecode.c.h; path = buffersrc.h; sourceTree = "<group>"; };
		0F27C8A51D5B39DC00AA8987 /* version.h */ = {isa = PBXFileReference; fileEncoding = 4; lastKnownFileType = sourcecode.c.h; path = version.h; sourceTree = "<group>"; };
		0F27C8A71D5B39DC00AA8987 /* avformat.h */ = {isa = PBXFileReference; fileEncoding = 4; lastKnownFileType = sourcecode.c.h; path = avformat.h; sourceTree = "<group>"; };
		0F27C8A81D5B39DC00AA8987 /* avio.h */ = {isa = PBXFileReference; fileEncoding = 4; lastKnownFileType = sourcecode.c.h; path = avio.h; sourceTree = "<group>"; };
		0F27C8A91D5B39DC00AA8987 /* version.h */ = {isa = PBXFileReference; fileEncoding = 4; lastKnownFileType = sourcecode.c.h; path = version.h; sourceTree = "<group>"; };
		0F27C8AB1D5B39DC00AA8987 /* adler32.h */ = {isa = PBXFileReference; fileEncoding = 4; lastKnownFileType = sourcecode.c.h; path = adler32.h; sourceTree = "<group>"; };
		0F27C8AC1D5B39DC00AA8987 /* aes.h */ = {isa = PBXFileReference; fileEncoding = 4; lastKnownFileType = sourcecode.c.h; path = aes.h; sourceTree = "<group>"; };
		0F27C8AD1D5B39DC00AA8987 /* attributes.h */ = {isa = PBXFileReference; fileEncoding = 4; lastKnownFileType = sourcecode.c.h; path = attributes.h; sourceTree = "<group>"; };
		0F27C8AE1D5B39DC00AA8987 /* audio_fifo.h */ = {isa = PBXFileReference; fileEncoding = 4; lastKnownFileType = sourcecode.c.h; path = audio_fifo.h; sourceTree = "<group>"; };
		0F27C8AF1D5B39DC00AA8987 /* audioconvert.h */ = {isa = PBXFileReference; fileEncoding = 4; lastKnownFileType = sourcecode.c.h; path = audioconvert.h; sourceTree = "<group>"; };
		0F27C8B01D5B39DC00AA8987 /* avassert.h */ = {isa = PBXFileReference; fileEncoding = 4; lastKnownFileType = sourcecode.c.h; path = avassert.h; sourceTree = "<group>"; };
		0F27C8B11D5B39DC00AA8987 /* avconfig.h */ = {isa = PBXFileReference; fileEncoding = 4; lastKnownFileType = sourcecode.c.h; path = avconfig.h; sourceTree = "<group>"; };
		0F27C8B21D5B39DC00AA8987 /* avstring.h */ = {isa = PBXFileReference; fileEncoding = 4; lastKnownFileType = sourcecode.c.h; path = avstring.h; sourceTree = "<group>"; };
		0F27C8B31D5B39DC00AA8987 /* avutil.h */ = {isa = PBXFileReference; fileEncoding = 4; lastKnownFileType = sourcecode.c.h; path = avutil.h; sourceTree = "<group>"; };
		0F27C8B41D5B39DC00AA8987 /* base64.h */ = {isa = PBXFileReference; fileEncoding = 4; lastKnownFileType = sourcecode.c.h; path = base64.h; sourceTree = "<group>"; };
		0F27C8B51D5B39DC00AA8987 /* blowfish.h */ = {isa = PBXFileReference; fileEncoding = 4; lastKnownFileType = sourcecode.c.h; path = blowfish.h; sourceTree = "<group>"; };
		0F27C8B61D5B39DC00AA8987 /* bprint.h */ = {isa = PBXFileReference; fileEncoding = 4; lastKnownFileType = sourcecode.c.h; path = bprint.h; sourceTree = "<group>"; };
		0F27C8B71D5B39DC00AA8987 /* bswap.h */ = {isa = PBXFileReference; fileEncoding = 4; lastKnownFileType = sourcecode.c.h; path = bswap.h; sourceTree = "<group>"; };
		0F27C8B81D5B39DC00AA8987 /* buffer.h */ = {isa = PBXFileReference; fileEncoding = 4; lastKnownFileType = sourcecode.c.h; path = buffer.h; sourceTree = "<group>"; };
		0F27C8B91D5B39DC00AA8987 /* camellia.h */ = {isa = PBXFileReference; fileEncoding = 4; lastKnownFileType = sourcecode.c.h; path = camellia.h; sourceTree = "<group>"; };
		0F27C8BA1D5B39DC00AA8987 /* cast5.h */ = {isa = PBXFileReference; fileEncoding = 4; lastKnownFileType = sourcecode.c.h; path = cast5.h; sourceTree = "<group>"; };
		0F27C8BB1D5B39DC00AA8987 /* channel_layout.h */ = {isa = PBXFileReference; fileEncoding = 4; lastKnownFileType = sourcecode.c.h; path = channel_layout.h; sourceTree = "<group>"; };
		0F27C8BC1D5B39DC00AA8987 /* common.h */ = {isa = PBXFileReference; fileEncoding = 4; lastKnownFileType = sourcecode.c.h; path = common.h; sourceTree = "<group>"; };
		0F27C8BD1D5B39DC00AA8987 /* cpu.h */ = {isa = PBXFileReference; fileEncoding = 4; lastKnownFileType = sourcecode.c.h; path = cpu.h; sourceTree = "<group>"; };
		0F27C8BE1D5B39DC00AA8987 /* crc.h */ = {isa = PBXFileReference; fileEncoding = 4; lastKnownFileType = sourcecode.c.h; path = crc.h; sourceTree = "<group>"; };
		0F27C8BF1D5B39DC00AA8987 /* dict.h */ = {isa = PBXFileReference; fileEncoding = 4; lastKnownFileType = sourcecode.c.h; path = dict.h; sourceTree = "<group>"; };
		0F27C8C01D5B39DC00AA8987 /* display.h */ = {isa = PBXFileReference; fileEncoding = 4; lastKnownFileType = sourcecode.c.h; path = display.h; sourceTree = "<group>"; };
		0F27C8C11D5B39DC00AA8987 /* downmix_info.h */ = {isa = PBXFileReference; fileEncoding = 4; lastKnownFileType = sourcecode.c.h; path = downmix_info.h; sourceTree = "<group>"; };
		0F27C8C21D5B39DC00AA8987 /* error.h */ = {isa = PBXFileReference; fileEncoding = 4; lastKnownFileType = sourcecode.c.h; path = error.h; sourceTree = "<group>"; };
		0F27C8C31D5B39DC00AA8987 /* eval.h */ = {isa = PBXFileReference; fileEncoding = 4; lastKnownFileType = sourcecode.c.h; path = eval.h; sourceTree = "<group>"; };
		0F27C8C41D5B39DC00AA8987 /* ffversion.h */ = {isa = PBXFileReference; fileEncoding = 4; lastKnownFileType = sourcecode.c.h; path = ffversion.h; sourceTree = "<group>"; };
		0F27C8C51D5B39DC00AA8987 /* fifo.h */ = {isa = PBXFileReference; fileEncoding = 4; lastKnownFileType = sourcecode.c.h; path = fifo.h; sourceTree = "<group>"; };
		0F27C8C61D5B39DC00AA8987 /* file.h */ = {isa = PBXFileReference; fileEncoding = 4; lastKnownFileType = sourcecode.c.h; path = file.h; sourceTree = "<group>"; };
		0F27C8C71D5B39DC00AA8987 /* frame.h */ = {isa = PBXFileReference; fileEncoding = 4; lastKnownFileType = sourcecode.c.h; path = frame.h; sourceTree = "<group>"; };
		0F27C8C81D5B39DC00AA8987 /* hash.h */ = {isa = PBXFileReference; fileEncoding = 4; lastKnownFileType = sourcecode.c.h; path = hash.h; sourceTree = "<group>"; };
		0F27C8C91D5B39DC00AA8987 /* hmac.h */ = {isa = PBXFileReference; fileEncoding = 4; lastKnownFileType = sourcecode.c.h; path = hmac.h; sourceTree = "<group>"; };
		0F27C8CA1D5B39DC00AA8987 /* imgutils.h */ = {isa = PBXFileReference; fileEncoding = 4; lastKnownFileType = sourcecode.c.h; path = imgutils.h; sourceTree = "<group>"; };
		0F27C8CB1D5B39DC00AA8987 /* intfloat.h */ = {isa = PBXFileReference; fileEncoding = 4; lastKnownFileType = sourcecode.c.h; path = intfloat.h; sourceTree = "<group>"; };
		0F27C8CC1D5B39DC00AA8987 /* intreadwrite.h */ = {isa = PBXFileReference; fileEncoding = 4; lastKnownFileType = sourcecode.c.h; path = intreadwrite.h; sourceTree = "<group>"; };
		0F27C8CD1D5B39DC00AA8987 /* lfg.h */ = {isa = PBXFileReference; fileEncoding = 4; lastKnownFileType = sourcecode.c.h; path = lfg.h; sourceTree = "<group>"; };
		0F27C8CE1D5B39DC00AA8987 /* log.h */ = {isa = PBXFileReference; fileEncoding = 4; lastKnownFileType = sourcecode.c.h; path = log.h; sourceTree = "<group>"; };
		0F27C8CF1D5B39DC00AA8987 /* lzo.h */ = {isa = PBXFileReference; fileEncoding = 4; lastKnownFileType = sourcecode.c.h; path = lzo.h; sourceTree = "<group>"; };
		0F27C8D01D5B39DC00AA8987 /* macros.h */ = {isa = PBXFileReference; fileEncoding = 4; lastKnownFileType = sourcecode.c.h; path = macros.h; sourceTree = "<group>"; };
		0F27C8D11D5B39DC00AA8987 /* mathematics.h */ = {isa = PBXFileReference; fileEncoding = 4; lastKnownFileType = sourcecode.c.h; path = mathematics.h; sourceTree = "<group>"; };
		0F27C8D21D5B39DC00AA8987 /* md5.h */ = {isa = PBXFileReference; fileEncoding = 4; lastKnownFileType = sourcecode.c.h; path = md5.h; sourceTree = "<group>"; };
		0F27C8D31D5B39DC00AA8987 /* mem.h */ = {isa = PBXFileReference; fileEncoding = 4; lastKnownFileType = sourcecode.c.h; path = mem.h; sourceTree = "<group>"; };
		0F27C8D41D5B39DC00AA8987 /* motion_vector.h */ = {isa = PBXFileReference; fileEncoding = 4; lastKnownFileType = sourcecode.c.h; path = motion_vector.h; sourceTree = "<group>"; };
		0F27C8D51D5B39DC00AA8987 /* murmur3.h */ = {isa = PBXFileReference; fileEncoding = 4; lastKnownFileType = sourcecode.c.h; path = murmur3.h; sourceTree = "<group>"; };
		0F27C8D61D5B39DC00AA8987 /* old_pix_fmts.h */ = {isa = PBXFileReference; fileEncoding = 4; lastKnownFileType = sourcecode.c.h; path = old_pix_fmts.h; sourceTree = "<group>"; };
		0F27C8D71D5B39DC00AA8987 /* opt.h */ = {isa = PBXFileReference; fileEncoding = 4; lastKnownFileType = sourcecode.c.h; path = opt.h; sourceTree = "<group>"; };
		0F27C8D81D5B39DC00AA8987 /* parseutils.h */ = {isa = PBXFileReference; fileEncoding = 4; lastKnownFileType = sourcecode.c.h; path = parseutils.h; sourceTree = "<group>"; };
		0F27C8D91D5B39DC00AA8987 /* pixdesc.h */ = {isa = PBXFileReference; fileEncoding = 4; lastKnownFileType = sourcecode.c.h; path = pixdesc.h; sourceTree = "<group>"; };
		0F27C8DA1D5B39DC00AA8987 /* pixelutils.h */ = {isa = PBXFileReference; fileEncoding = 4; lastKnownFileType = sourcecode.c.h; path = pixelutils.h; sourceTree = "<group>"; };
		0F27C8DB1D5B39DC00AA8987 /* pixfmt.h */ = {isa = PBXFileReference; fileEncoding = 4; lastKnownFileType = sourcecode.c.h; path = pixfmt.h; sourceTree = "<group>"; };
		0F27C8DC1D5B39DC00AA8987 /* random_seed.h */ = {isa = PBXFileReference; fileEncoding = 4; lastKnownFileType = sourcecode.c.h; path = random_seed.h; sourceTree = "<group>"; };
		0F27C8DD1D5B39DC00AA8987 /* rational.h */ = {isa = PBXFileReference; fileEncoding = 4; lastKnownFileType = sourcecode.c.h; path = rational.h; sourceTree = "<group>"; };
		0F27C8DE1D5B39DC00AA8987 /* replaygain.h */ = {isa = PBXFileReference; fileEncoding = 4; lastKnownFileType = sourcecode.c.h; path = replaygain.h; sourceTree = "<group>"; };
		0F27C8DF1D5B39DC00AA8987 /* ripemd.h */ = {isa = PBXFileReference; fileEncoding = 4; lastKnownFileType = sourcecode.c.h; path = ripemd.h; sourceTree = "<group>"; };
		0F27C8E01D5B39DC00AA8987 /* samplefmt.h */ = {isa = PBXFileReference; fileEncoding = 4; lastKnownFileType = sourcecode.c.h; path = samplefmt.h; sourceTree = "<group>"; };
		0F27C8E11D5B39DC00AA8987 /* sha.h */ = {isa = PBXFileReference; fileEncoding = 4; lastKnownFileType = sourcecode.c.h; path = sha.h; sourceTree = "<group>"; };
		0F27C8E21D5B39DC00AA8987 /* sha512.h */ = {isa = PBXFileReference; fileEncoding = 4; lastKnownFileType = sourcecode.c.h; path = sha512.h; sourceTree = "<group>"; };
		0F27C8E31D5B39DC00AA8987 /* stereo3d.h */ = {isa = PBXFileReference; fileEncoding = 4; lastKnownFileType = sourcecode.c.h; path = stereo3d.h; sourceTree = "<group>"; };
		0F27C8E41D5B39DC00AA8987 /* tea.h */ = {isa = PBXFileReference; fileEncoding = 4; lastKnownFileType = sourcecode.c.h; path = tea.h; sourceTree = "<group>"; };
		0F27C8E51D5B39DC00AA8987 /* threadmessage.h */ = {isa = PBXFileReference; fileEncoding = 4; lastKnownFileType = sourcecode.c.h; path = threadmessage.h; sourceTree = "<group>"; };
		0F27C8E61D5B39DC00AA8987 /* time.h */ = {isa = PBXFileReference; fileEncoding = 4; lastKnownFileType = sourcecode.c.h; path = time.h; sourceTree = "<group>"; };
		0F27C8E71D5B39DC00AA8987 /* timecode.h */ = {isa = PBXFileReference; fileEncoding = 4; lastKnownFileType = sourcecode.c.h; path = timecode.h; sourceTree = "<group>"; };
		0F27C8E81D5B39DC00AA8987 /* timestamp.h */ = {isa = PBXFileReference; fileEncoding = 4; lastKnownFileType = sourcecode.c.h; path = timestamp.h; sourceTree = "<group>"; };
		0F27C8E91D5B39DC00AA8987 /* twofish.h */ = {isa = PBXFileReference; fileEncoding = 4; lastKnownFileType = sourcecode.c.h; path = twofish.h; sourceTree = "<group>"; };
		0F27C8EA1D5B39DC00AA8987 /* version.h */ = {isa = PBXFileReference; fileEncoding = 4; lastKnownFileType = sourcecode.c.h; path = version.h; sourceTree = "<group>"; };
		0F27C8EB1D5B39DC00AA8987 /* xtea.h */ = {isa = PBXFileReference; fileEncoding = 4; lastKnownFileType = sourcecode.c.h; path = xtea.h; sourceTree = "<group>"; };
		0F27C8ED1D5B39DC00AA8987 /* swresample.h */ = {isa = PBXFileReference; fileEncoding = 4; lastKnownFileType = sourcecode.c.h; path = swresample.h; sourceTree = "<group>"; };
		0F27C8EE1D5B39DC00AA8987 /* version.h */ = {isa = PBXFileReference; fileEncoding = 4; lastKnownFileType = sourcecode.c.h; path = version.h; sourceTree = "<group>"; };
		0F27C8F01D5B39DC00AA8987 /* swscale.h */ = {isa = PBXFileReference; fileEncoding = 4; lastKnownFileType = sourcecode.c.h; path = swscale.h; sourceTree = "<group>"; };
		0F27C8F11D5B39DC00AA8987 /* version.h */ = {isa = PBXFileReference; fileEncoding = 4; lastKnownFileType = sourcecode.c.h; path = version.h; sourceTree = "<group>"; };
		0F27C90F1D5B3C8100AA8987 /* libz.tbd */ = {isa = PBXFileReference; lastKnownFileType = "sourcecode.text-based-dylib-definition"; name = libz.tbd; path = usr/lib/libz.tbd; sourceTree = SDKROOT; };
		0F27C9111D5B3CA300AA8987 /* libbz2.tbd */ = {isa = PBXFileReference; lastKnownFileType = "sourcecode.text-based-dylib-definition"; name = libbz2.tbd; path = usr/lib/libbz2.tbd; sourceTree = SDKROOT; };
		0F27C9131D5B3CA800AA8987 /* libiconv.tbd */ = {isa = PBXFileReference; lastKnownFileType = "sourcecode.text-based-dylib-definition"; name = libiconv.tbd; path = usr/lib/libiconv.tbd; sourceTree = SDKROOT; };
		1C586D74086C55E06D30CF34 /* Pods-LiveBroadcast.debug.xcconfig */ = {isa = PBXFileReference; includeInIndex = 1; lastKnownFileType = text.xcconfig; name = "Pods-LiveBroadcast.debug.xcconfig"; path = "Pods/Target Support Files/Pods-LiveBroadcast/Pods-LiveBroadcast.debug.xcconfig"; sourceTree = "<group>"; };
		6D2B1D691D61A10E00B07F30 /* libFFmpegWrapper.a */ = {isa = PBXFileReference; lastKnownFileType = archive.ar; name = libFFmpegWrapper.a; path = "../Library/Developer/Xcode/DerivedData/LiveBroadcast-gxlxrmcnmphzeddsrvnmrrevdfjc/Build/Products/Debug-iphoneos/FFmpegWrapper/libFFmpegWrapper.a"; sourceTree = "<group>"; };
		6D2B1D6B1D61A11700B07F30 /* libAFNetworking.a */ = {isa = PBXFileReference; lastKnownFileType = archive.ar; name = libAFNetworking.a; path = "../Library/Developer/Xcode/DerivedData/LiveBroadcast-gxlxrmcnmphzeddsrvnmrrevdfjc/Build/Products/Debug-iphoneos/AFNetworking/libAFNetworking.a"; sourceTree = "<group>"; };
		6D2B1D6C1D61A11700B07F30 /* libAFOAuth2Manager.a */ = {isa = PBXFileReference; lastKnownFileType = archive.ar; name = libAFOAuth2Manager.a; path = "../Library/Developer/Xcode/DerivedData/LiveBroadcast-gxlxrmcnmphzeddsrvnmrrevdfjc/Build/Products/Debug-iphoneos/AFOAuth2Manager/libAFOAuth2Manager.a"; sourceTree = "<group>"; };
		6D2B1D6D1D61A11700B07F30 /* libAWSCore.a */ = {isa = PBXFileReference; lastKnownFileType = archive.ar; name = libAWSCore.a; path = "../Library/Developer/Xcode/DerivedData/LiveBroadcast-gxlxrmcnmphzeddsrvnmrrevdfjc/Build/Products/Debug-iphoneos/AWSCore/libAWSCore.a"; sourceTree = "<group>"; };
		6D2B1D6E1D61A11700B07F30 /* libAWSS3.a */ = {isa = PBXFileReference; lastKnownFileType = archive.ar; name = libAWSS3.a; path = "../Library/Developer/Xcode/DerivedData/LiveBroadcast-gxlxrmcnmphzeddsrvnmrrevdfjc/Build/Products/Debug-iphoneos/AWSS3/libAWSS3.a"; sourceTree = "<group>"; };
		6D2B1D6F1D61A11700B07F30 /* libCocoaLumberjack.a */ = {isa = PBXFileReference; lastKnownFileType = archive.ar; name = libCocoaLumberjack.a; path = "../Library/Developer/Xcode/DerivedData/LiveBroadcast-gxlxrmcnmphzeddsrvnmrrevdfjc/Build/Products/Debug-iphoneos/CocoaLumberjack/libCocoaLumberjack.a"; sourceTree = "<group>"; };
		6D2B1D701D61A11700B07F30 /* libFormatterKit.a */ = {isa = PBXFileReference; lastKnownFileType = archive.ar; name = libFormatterKit.a; path = "../Library/Developer/Xcode/DerivedData/LiveBroadcast-gxlxrmcnmphzeddsrvnmrrevdfjc/Build/Products/Debug-iphoneos/FormatterKit/libFormatterKit.a"; sourceTree = "<group>"; };
		6D2B1D711D61A11700B07F30 /* libMantle.a */ = {isa = PBXFileReference; lastKnownFileType = archive.ar; name = libMantle.a; path = "../Library/Developer/Xcode/DerivedData/LiveBroadcast-gxlxrmcnmphzeddsrvnmrrevdfjc/Build/Products/Debug-iphoneos/Mantle/libMantle.a"; sourceTree = "<group>"; };
		6D2B1D721D61A11700B07F30 /* libPureLayout.a */ = {isa = PBXFileReference; lastKnownFileType = archive.ar; name = libPureLayout.a; path = "../Library/Developer/Xcode/DerivedData/LiveBroadcast-gxlxrmcnmphzeddsrvnmrrevdfjc/Build/Products/Debug-iphoneos/PureLayout/libPureLayout.a"; sourceTree = "<group>"; };
		6D2B1D731D61A11700B07F30 /* libSDWebImage.a */ = {isa = PBXFileReference; lastKnownFileType = archive.ar; name = libSDWebImage.a; path = "../Library/Developer/Xcode/DerivedData/LiveBroadcast-gxlxrmcnmphzeddsrvnmrrevdfjc/Build/Products/Debug-iphoneos/SDWebImage/libSDWebImage.a"; sourceTree = "<group>"; };
		6D2B1D741D61A11700B07F30 /* libSSKeychain.a */ = {isa = PBXFileReference; lastKnownFileType = archive.ar; name = libSSKeychain.a; path = "../Library/Developer/Xcode/DerivedData/LiveBroadcast-gxlxrmcnmphzeddsrvnmrrevdfjc/Build/Products/Debug-iphoneos/SSKeychain/libSSKeychain.a"; sourceTree = "<group>"; };
		6D43FE811D5C1E08008A1FC7 /* KFAPIClient.h */ = {isa = PBXFileReference; fileEncoding = 4; lastKnownFileType = sourcecode.c.h; path = KFAPIClient.h; sourceTree = "<group>"; };
		6D43FE821D5C1E08008A1FC7 /* KFAPIClient.m */ = {isa = PBXFileReference; fileEncoding = 4; lastKnownFileType = sourcecode.c.objc; path = KFAPIClient.m; sourceTree = "<group>"; };
		6D43FE831D5C1E08008A1FC7 /* KFPaginationInfo.h */ = {isa = PBXFileReference; fileEncoding = 4; lastKnownFileType = sourcecode.c.h; path = KFPaginationInfo.h; sourceTree = "<group>"; };
		6D43FE841D5C1E08008A1FC7 /* KFPaginationInfo.m */ = {isa = PBXFileReference; fileEncoding = 4; lastKnownFileType = sourcecode.c.objc; path = KFPaginationInfo.m; sourceTree = "<group>"; };
		6D43FE851D5C1E08008A1FC7 /* KFRTMPStream.h */ = {isa = PBXFileReference; fileEncoding = 4; lastKnownFileType = sourcecode.c.h; path = KFRTMPStream.h; sourceTree = "<group>"; };
		6D43FE861D5C1E08008A1FC7 /* KFRTMPStream.m */ = {isa = PBXFileReference; fileEncoding = 4; lastKnownFileType = sourcecode.c.objc; path = KFRTMPStream.m; sourceTree = "<group>"; };
		6D43FE871D5C1E08008A1FC7 /* KFS3Stream.h */ = {isa = PBXFileReference; fileEncoding = 4; lastKnownFileType = sourcecode.c.h; path = KFS3Stream.h; sourceTree = "<group>"; };
		6D43FE881D5C1E08008A1FC7 /* KFS3Stream.m */ = {isa = PBXFileReference; fileEncoding = 4; lastKnownFileType = sourcecode.c.objc; path = KFS3Stream.m; sourceTree = "<group>"; };
		6D43FE891D5C1E08008A1FC7 /* KFStream.h */ = {isa = PBXFileReference; fileEncoding = 4; lastKnownFileType = sourcecode.c.h; path = KFStream.h; sourceTree = "<group>"; };
		6D43FE8A1D5C1E08008A1FC7 /* KFStream.m */ = {isa = PBXFileReference; fileEncoding = 4; lastKnownFileType = sourcecode.c.objc; path = KFStream.m; sourceTree = "<group>"; };
		6D43FE8B1D5C1E08008A1FC7 /* KFUser.h */ = {isa = PBXFileReference; fileEncoding = 4; lastKnownFileType = sourcecode.c.h; path = KFUser.h; sourceTree = "<group>"; };
		6D43FE8C1D5C1E08008A1FC7 /* KFUser.m */ = {isa = PBXFileReference; fileEncoding = 4; lastKnownFileType = sourcecode.c.objc; path = KFUser.m; sourceTree = "<group>"; };
		6D43FE901D5C1E08008A1FC7 /* KFAACEncoder.h */ = {isa = PBXFileReference; fileEncoding = 4; lastKnownFileType = sourcecode.c.h; path = KFAACEncoder.h; sourceTree = "<group>"; };
		6D43FE911D5C1E08008A1FC7 /* KFAACEncoder.m */ = {isa = PBXFileReference; fileEncoding = 4; lastKnownFileType = sourcecode.c.objc; path = KFAACEncoder.m; sourceTree = "<group>"; };
		6D43FE921D5C1E08008A1FC7 /* KFAudioEncoder.h */ = {isa = PBXFileReference; fileEncoding = 4; lastKnownFileType = sourcecode.c.h; path = KFAudioEncoder.h; sourceTree = "<group>"; };
		6D43FE931D5C1E08008A1FC7 /* KFAudioEncoder.m */ = {isa = PBXFileReference; fileEncoding = 4; lastKnownFileType = sourcecode.c.objc; path = KFAudioEncoder.m; sourceTree = "<group>"; };
		6D43FE941D5C1E08008A1FC7 /* KFEncoder.h */ = {isa = PBXFileReference; fileEncoding = 4; lastKnownFileType = sourcecode.c.h; path = KFEncoder.h; sourceTree = "<group>"; };
		6D43FE951D5C1E08008A1FC7 /* KFEncoder.m */ = {isa = PBXFileReference; fileEncoding = 4; lastKnownFileType = sourcecode.c.objc; path = KFEncoder.m; sourceTree = "<group>"; };
		6D43FE961D5C1E08008A1FC7 /* KFFrame.h */ = {isa = PBXFileReference; fileEncoding = 4; lastKnownFileType = sourcecode.c.h; path = KFFrame.h; sourceTree = "<group>"; };
		6D43FE971D5C1E08008A1FC7 /* KFFrame.m */ = {isa = PBXFileReference; fileEncoding = 4; lastKnownFileType = sourcecode.c.objc; path = KFFrame.m; sourceTree = "<group>"; };
		6D43FE9A1D5C1E08008A1FC7 /* AVEncoder.h */ = {isa = PBXFileReference; fileEncoding = 4; lastKnownFileType = sourcecode.c.h; path = AVEncoder.h; sourceTree = "<group>"; };
		6D43FE9B1D5C1E08008A1FC7 /* AVEncoder.mm */ = {isa = PBXFileReference; fileEncoding = 4; lastKnownFileType = sourcecode.cpp.objcpp; path = AVEncoder.mm; sourceTree = "<group>"; };
		6D43FE9C1D5C1E08008A1FC7 /* KFH264Encoder.h */ = {isa = PBXFileReference; fileEncoding = 4; lastKnownFileType = sourcecode.c.h; path = KFH264Encoder.h; sourceTree = "<group>"; };
		6D43FE9D1D5C1E08008A1FC7 /* KFH264Encoder.mm */ = {isa = PBXFileReference; fileEncoding = 4; lastKnownFileType = sourcecode.cpp.objcpp; path = KFH264Encoder.mm; sourceTree = "<group>"; };
		6D43FE9E1D5C1E08008A1FC7 /* LICENSE.markdown */ = {isa = PBXFileReference; fileEncoding = 4; lastKnownFileType = net.daringfireball.markdown; path = LICENSE.markdown; sourceTree = "<group>"; };
		6D43FE9F1D5C1E08008A1FC7 /* MP4Atom.h */ = {isa = PBXFileReference; fileEncoding = 4; lastKnownFileType = sourcecode.c.h; path = MP4Atom.h; sourceTree = "<group>"; };
		6D43FEA01D5C1E08008A1FC7 /* MP4Atom.m */ = {isa = PBXFileReference; fileEncoding = 4; lastKnownFileType = sourcecode.c.objc; path = MP4Atom.m; sourceTree = "<group>"; };
		6D43FEA11D5C1E08008A1FC7 /* NALUnit.cpp */ = {isa = PBXFileReference; fileEncoding = 4; lastKnownFileType = sourcecode.cpp.cpp; path = NALUnit.cpp; sourceTree = "<group>"; };
		6D43FEA21D5C1E08008A1FC7 /* NALUnit.h */ = {isa = PBXFileReference; fileEncoding = 4; lastKnownFileType = sourcecode.c.h; path = NALUnit.h; sourceTree = "<group>"; };
		6D43FEA31D5C1E08008A1FC7 /* VideoEncoder.h */ = {isa = PBXFileReference; fileEncoding = 4; lastKnownFileType = sourcecode.c.h; path = VideoEncoder.h; sourceTree = "<group>"; };
		6D43FEA41D5C1E08008A1FC7 /* VideoEncoder.m */ = {isa = PBXFileReference; fileEncoding = 4; lastKnownFileType = sourcecode.c.objc; path = VideoEncoder.m; sourceTree = "<group>"; };
		6D43FEA51D5C1E08008A1FC7 /* KFVideoEncoder.h */ = {isa = PBXFileReference; fileEncoding = 4; lastKnownFileType = sourcecode.c.h; path = KFVideoEncoder.h; sourceTree = "<group>"; };
		6D43FEA61D5C1E08008A1FC7 /* KFVideoEncoder.m */ = {isa = PBXFileReference; fileEncoding = 4; lastKnownFileType = sourcecode.c.objc; path = KFVideoEncoder.m; sourceTree = "<group>"; };
		6D43FEA71D5C1E08008A1FC7 /* KFVideoFrame.h */ = {isa = PBXFileReference; fileEncoding = 4; lastKnownFileType = sourcecode.c.h; path = KFVideoFrame.h; sourceTree = "<group>"; };
		6D43FEA81D5C1E08008A1FC7 /* KFVideoFrame.m */ = {isa = PBXFileReference; fileEncoding = 4; lastKnownFileType = sourcecode.c.objc; path = KFVideoFrame.m; sourceTree = "<group>"; };
		6D43FEAA1D5C1E08008A1FC7 /* KFRecorder.h */ = {isa = PBXFileReference; fileEncoding = 4; lastKnownFileType = sourcecode.c.h; path = KFRecorder.h; sourceTree = "<group>"; };
		6D43FEAB1D5C1E08008A1FC7 /* KFRecorder.m */ = {isa = PBXFileReference; fileEncoding = 4; lastKnownFileType = sourcecode.c.objc; path = KFRecorder.m; sourceTree = "<group>"; };
		6D43FEAC1D5C1E08008A1FC7 /* Kickflip-Prefix.pch */ = {isa = PBXFileReference; fileEncoding = 4; lastKnownFileType = sourcecode.c.h; path = "Kickflip-Prefix.pch"; sourceTree = "<group>"; };
		6D43FEAD1D5C1E08008A1FC7 /* Kickflip.h */ = {isa = PBXFileReference; fileEncoding = 4; lastKnownFileType = sourcecode.c.h; path = Kickflip.h; sourceTree = "<group>"; };
		6D43FEAE1D5C1E08008A1FC7 /* Kickflip.m */ = {isa = PBXFileReference; fileEncoding = 4; lastKnownFileType = sourcecode.c.objc; path = Kickflip.m; sourceTree = "<group>"; };
		6D43FEB21D5C1E08008A1FC7 /* KFDirectoryWatcher.h */ = {isa = PBXFileReference; fileEncoding = 4; lastKnownFileType = sourcecode.c.h; path = KFDirectoryWatcher.h; sourceTree = "<group>"; };
		6D43FEB31D5C1E08008A1FC7 /* KFDirectoryWatcher.m */ = {isa = PBXFileReference; fileEncoding = 4; lastKnownFileType = sourcecode.c.objc; path = KFDirectoryWatcher.m; sourceTree = "<group>"; };
		6D43FEB41D5C1E08008A1FC7 /* KFHLSManifestGenerator.h */ = {isa = PBXFileReference; fileEncoding = 4; lastKnownFileType = sourcecode.c.h; path = KFHLSManifestGenerator.h; sourceTree = "<group>"; };
		6D43FEB51D5C1E08008A1FC7 /* KFHLSManifestGenerator.m */ = {isa = PBXFileReference; fileEncoding = 4; lastKnownFileType = sourcecode.c.objc; path = KFHLSManifestGenerator.m; sourceTree = "<group>"; };
		6D43FEB61D5C1E08008A1FC7 /* KFHLSMonitor.h */ = {isa = PBXFileReference; fileEncoding = 4; lastKnownFileType = sourcecode.c.h; path = KFHLSMonitor.h; sourceTree = "<group>"; };
		6D43FEB71D5C1E08008A1FC7 /* KFHLSMonitor.m */ = {isa = PBXFileReference; fileEncoding = 4; lastKnownFileType = sourcecode.c.objc; path = KFHLSMonitor.m; sourceTree = "<group>"; };
		6D43FEB81D5C1E08008A1FC7 /* KFHLSUploader.h */ = {isa = PBXFileReference; fileEncoding = 4; lastKnownFileType = sourcecode.c.h; path = KFHLSUploader.h; sourceTree = "<group>"; };
		6D43FEB91D5C1E08008A1FC7 /* KFHLSUploader.m */ = {isa = PBXFileReference; fileEncoding = 4; lastKnownFileType = sourcecode.c.objc; path = KFHLSUploader.m; sourceTree = "<group>"; };
		6D43FEBA1D5C1E08008A1FC7 /* KFHLSWriter.h */ = {isa = PBXFileReference; fileEncoding = 4; lastKnownFileType = sourcecode.c.h; path = KFHLSWriter.h; sourceTree = "<group>"; };
		6D43FEBB1D5C1E08008A1FC7 /* KFHLSWriter.m */ = {isa = PBXFileReference; fileEncoding = 4; lastKnownFileType = sourcecode.c.objc; path = KFHLSWriter.m; sourceTree = "<group>"; };
		6D43FEBD1D5C1E08008A1FC7 /* KFCameraReverse@2x.png */ = {isa = PBXFileReference; lastKnownFileType = image.png; path = "KFCameraReverse@2x.png"; sourceTree = "<group>"; };
		6D43FEBE1D5C1E08008A1FC7 /* KFCameraReversePressed@2x.png */ = {isa = PBXFileReference; lastKnownFileType = image.png; path = "KFCameraReversePressed@2x.png"; sourceTree = "<group>"; };
		6D43FEBF1D5C1E08008A1FC7 /* KFDeviceRotation@2x.png */ = {isa = PBXFileReference; lastKnownFileType = image.png; path = "KFDeviceRotation@2x.png"; sourceTree = "<group>"; };
		6D43FEC01D5C1E08008A1FC7 /* KFRecordButtonBorder@2x.png */ = {isa = PBXFileReference; lastKnownFileType = image.png; path = "KFRecordButtonBorder@2x.png"; sourceTree = "<group>"; };
		6D43FEC11D5C1E08008A1FC7 /* KFRecordButtonStart@2x.png */ = {isa = PBXFileReference; lastKnownFileType = image.png; path = "KFRecordButtonStart@2x.png"; sourceTree = "<group>"; };
		6D43FEC21D5C1E08008A1FC7 /* KFRecordButtonStop@2x.png */ = {isa = PBXFileReference; lastKnownFileType = image.png; path = "KFRecordButtonStop@2x.png"; sourceTree = "<group>"; };
		6D43FEC31D5C1E08008A1FC7 /* KFStreamTableViewCellDots@2x.png */ = {isa = PBXFileReference; lastKnownFileType = image.png; path = "KFStreamTableViewCellDots@2x.png"; sourceTree = "<group>"; };
		6D43FEC51D5C1E08008A1FC7 /* KFAWSCredentialsProvider.h */ = {isa = PBXFileReference; fileEncoding = 4; lastKnownFileType = sourcecode.c.h; path = KFAWSCredentialsProvider.h; sourceTree = "<group>"; };
		6D43FEC61D5C1E08008A1FC7 /* KFAWSCredentialsProvider.m */ = {isa = PBXFileReference; fileEncoding = 4; lastKnownFileType = sourcecode.c.objc; path = KFAWSCredentialsProvider.m; sourceTree = "<group>"; };
		6D43FEC71D5C1E08008A1FC7 /* KFDateUtils.h */ = {isa = PBXFileReference; fileEncoding = 4; lastKnownFileType = sourcecode.c.h; path = KFDateUtils.h; sourceTree = "<group>"; };
		6D43FEC81D5C1E08008A1FC7 /* KFDateUtils.m */ = {isa = PBXFileReference; fileEncoding = 4; lastKnownFileType = sourcecode.c.objc; path = KFDateUtils.m; sourceTree = "<group>"; };
		6D43FEC91D5C1E08008A1FC7 /* KFLog.h */ = {isa = PBXFileReference; fileEncoding = 4; lastKnownFileType = sourcecode.c.h; path = KFLog.h; sourceTree = "<group>"; };
		6D43FECB1D5C1E08008A1FC7 /* KFBroadcastViewController.h */ = {isa = PBXFileReference; fileEncoding = 4; lastKnownFileType = sourcecode.c.h; path = KFBroadcastViewController.h; sourceTree = "<group>"; };
		6D43FECC1D5C1E08008A1FC7 /* KFBroadcastViewController.m */ = {isa = PBXFileReference; fileEncoding = 4; lastKnownFileType = sourcecode.c.objc; path = KFBroadcastViewController.m; sourceTree = "<group>"; };
		6D43FECD1D5C1E08008A1FC7 /* KFLiveBannerView.h */ = {isa = PBXFileReference; fileEncoding = 4; lastKnownFileType = sourcecode.c.h; path = KFLiveBannerView.h; sourceTree = "<group>"; };
		6D43FECE1D5C1E08008A1FC7 /* KFLiveBannerView.m */ = {isa = PBXFileReference; fileEncoding = 4; lastKnownFileType = sourcecode.c.objc; path = KFLiveBannerView.m; sourceTree = "<group>"; };
		6D43FECF1D5C1E08008A1FC7 /* KFRecordButton.h */ = {isa = PBXFileReference; fileEncoding = 4; lastKnownFileType = sourcecode.c.h; path = KFRecordButton.h; sourceTree = "<group>"; };
		6D43FED01D5C1E08008A1FC7 /* KFRecordButton.m */ = {isa = PBXFileReference; fileEncoding = 4; lastKnownFileType = sourcecode.c.objc; path = KFRecordButton.m; sourceTree = "<group>"; };
		6D43FED11D5C1E08008A1FC7 /* KFStreamTableViewCell.h */ = {isa = PBXFileReference; fileEncoding = 4; lastKnownFileType = sourcecode.c.h; path = KFStreamTableViewCell.h; sourceTree = "<group>"; };
		6D43FED21D5C1E08008A1FC7 /* KFStreamTableViewCell.m */ = {isa = PBXFileReference; fileEncoding = 4; lastKnownFileType = sourcecode.c.objc; path = KFStreamTableViewCell.m; sourceTree = "<group>"; };
		6D43FEFA1D5C2099008A1FC7 /* amf.h */ = {isa = PBXFileReference; fileEncoding = 4; lastKnownFileType = sourcecode.c.h; path = amf.h; sourceTree = "<group>"; };
		6D43FEFB1D5C2099008A1FC7 /* http.h */ = {isa = PBXFileReference; fileEncoding = 4; lastKnownFileType = sourcecode.c.h; path = http.h; sourceTree = "<group>"; };
		6D43FEFC1D5C2099008A1FC7 /* log.h */ = {isa = PBXFileReference; fileEncoding = 4; lastKnownFileType = sourcecode.c.h; path = log.h; sourceTree = "<group>"; };
		6D43FEFD1D5C2099008A1FC7 /* rtmp.h */ = {isa = PBXFileReference; fileEncoding = 4; lastKnownFileType = sourcecode.c.h; path = rtmp.h; sourceTree = "<group>"; };
		6D43FEFE1D5C20B3008A1FC7 /* librtmp.a */ = {isa = PBXFileReference; lastKnownFileType = archive.ar; name = librtmp.a; path = LiveBroadcast/Libs/librtmp.a; sourceTree = "<group>"; };
		863A57FF338F35D14EDACDE0 /* libPods-LiveBroadcast.a */ = {isa = PBXFileReference; explicitFileType = archive.ar; includeInIndex = 0; path = "libPods-LiveBroadcast.a"; sourceTree = BUILT_PRODUCTS_DIR; };
		974B7D98461A99B790F6D0E9 /* Pods-LiveBroadcast.release.xcconfig */ = {isa = PBXFileReference; includeInIndex = 1; lastKnownFileType = text.xcconfig; name = "Pods-LiveBroadcast.release.xcconfig"; path = "Pods/Target Support Files/Pods-LiveBroadcast/Pods-LiveBroadcast.release.xcconfig"; sourceTree = "<group>"; };
/* End PBXFileReference section */

/* Begin PBXFrameworksBuildPhase section */
		0F27C84B1D5AC0BA00AA8987 /* Frameworks */ = {
			isa = PBXFrameworksBuildPhase;
			buildActionMask = 2147483647;
			files = (
				6D2B1D751D61A11700B07F30 /* libAFNetworking.a in Frameworks */,
				6D2B1D761D61A11700B07F30 /* libAFOAuth2Manager.a in Frameworks */,
				6D2B1D771D61A11700B07F30 /* libAWSCore.a in Frameworks */,
				6D2B1D781D61A11700B07F30 /* libAWSS3.a in Frameworks */,
				6D2B1D791D61A11700B07F30 /* libCocoaLumberjack.a in Frameworks */,
				6D2B1D7A1D61A11700B07F30 /* libFormatterKit.a in Frameworks */,
				6D2B1D7B1D61A11700B07F30 /* libMantle.a in Frameworks */,
				6D2B1D7C1D61A11700B07F30 /* libPureLayout.a in Frameworks */,
				6D2B1D7D1D61A11700B07F30 /* libSDWebImage.a in Frameworks */,
				6D2B1D7E1D61A11700B07F30 /* libSSKeychain.a in Frameworks */,
				6D2B1D6A1D61A10E00B07F30 /* libFFmpegWrapper.a in Frameworks */,
				0F27C9141D5B3CA800AA8987 /* libiconv.tbd in Frameworks */,
				0F27C9121D5B3CA300AA8987 /* libbz2.tbd in Frameworks */,
				0F27C9101D5B3C8100AA8987 /* libz.tbd in Frameworks */,
				0F27C86A1D5B105000AA8987 /* AVFoundation.framework in Frameworks */,
				6D43FEFF1D5C20B3008A1FC7 /* librtmp.a in Frameworks */,
				5BD29818C0A32FE8FBAF91BD /* libPods-LiveBroadcast.a in Frameworks */,
			);
			runOnlyForDeploymentPostprocessing = 0;
		};
/* End PBXFrameworksBuildPhase section */

/* Begin PBXGroup section */
		0F27C8451D5AC0BA00AA8987 = {
			isa = PBXGroup;
			children = (
				0F27C8501D5AC0BA00AA8987 /* LiveBroadcast */,
				0F27C87C1D5B390000AA8987 /* Libs */,
				0F27C84F1D5AC0BA00AA8987 /* Products */,
				0F27C8681D5B102600AA8987 /* Resources */,
				A96CC93CEDA00623A6A67440 /* Frameworks */,
				1F73E11DE4DB63D0570D5807 /* Pods */,
			);
			sourceTree = "<group>";
		};
		0F27C84F1D5AC0BA00AA8987 /* Products */ = {
			isa = PBXGroup;
			children = (
				0F27C84E1D5AC0BA00AA8987 /* LiveBroadcast.app */,
			);
			name = Products;
			sourceTree = "<group>";
		};
		0F27C8501D5AC0BA00AA8987 /* LiveBroadcast */ = {
			isa = PBXGroup;
			children = (
				0F27C8571D5AC0BA00AA8987 /* ViewController.h */,
				0F27C8581D5AC0BA00AA8987 /* ViewController.m */,
				0F27C8511D5AC0BA00AA8987 /* Supporting Files */,
			);
			path = LiveBroadcast;
			sourceTree = "<group>";
		};
		0F27C8511D5AC0BA00AA8987 /* Supporting Files */ = {
			isa = PBXGroup;
			children = (
				0F27C8551D5AC0BA00AA8987 /* AppDelegate.m */,
				0F27C8541D5AC0BA00AA8987 /* AppDelegate.h */,
				0F27C85A1D5AC0BA00AA8987 /* Main.storyboard */,
				0F27C85F1D5AC0BA00AA8987 /* LaunchScreen.storyboard */,
				0F27C8621D5AC0BA00AA8987 /* Info.plist */,
				0F27C8521D5AC0BA00AA8987 /* main.m */,
			);
			name = "Supporting Files";
			sourceTree = "<group>";
		};
		0F27C8681D5B102600AA8987 /* Resources */ = {
			isa = PBXGroup;
			children = (
				0F27C85D1D5AC0BA00AA8987 /* Assets.xcassets */,
			);
			name = Resources;
			sourceTree = "<group>";
		};
		0F27C87C1D5B390000AA8987 /* Libs */ = {
			isa = PBXGroup;
			children = (
				6D43FE7F1D5C1E08008A1FC7 /* Kickflip */,
			);
			name = Libs;
			path = LiveBroadcast/Libs;
			sourceTree = "<group>";
		};
		0F27C88B1D5B39DC00AA8987 /* include */ = {
			isa = PBXGroup;
			children = (
				6D43FEF91D5C2099008A1FC7 /* librtmp */,
				0F27C88C1D5B39DC00AA8987 /* libavcodec */,
				0F27C89B1D5B39DC00AA8987 /* libavdevice */,
				0F27C89E1D5B39DC00AA8987 /* libavfilter */,
				0F27C8A61D5B39DC00AA8987 /* libavformat */,
				0F27C8AA1D5B39DC00AA8987 /* libavutil */,
				0F27C8EC1D5B39DC00AA8987 /* libswresample */,
				0F27C8EF1D5B39DC00AA8987 /* libswscale */,
			);
			name = include;
			path = LiveBroadcast/Libs/include;
			sourceTree = "<group>";
		};
		0F27C88C1D5B39DC00AA8987 /* libavcodec */ = {
			isa = PBXGroup;
			children = (
				0F27C88D1D5B39DC00AA8987 /* avcodec.h */,
				0F27C88E1D5B39DC00AA8987 /* avfft.h */,
				0F27C88F1D5B39DC00AA8987 /* d3d11va.h */,
				0F27C8901D5B39DC00AA8987 /* dv_profile.h */,
				0F27C8911D5B39DC00AA8987 /* dxva2.h */,
				0F27C8921D5B39DC00AA8987 /* old_codec_ids.h */,
				0F27C8931D5B39DC00AA8987 /* qsv.h */,
				0F27C8941D5B39DC00AA8987 /* vaapi.h */,
				0F27C8951D5B39DC00AA8987 /* vda.h */,
				0F27C8961D5B39DC00AA8987 /* vdpau.h */,
				0F27C8971D5B39DC00AA8987 /* version.h */,
				0F27C8981D5B39DC00AA8987 /* videotoolbox.h */,
				0F27C8991D5B39DC00AA8987 /* vorbis_parser.h */,
				0F27C89A1D5B39DC00AA8987 /* xvmc.h */,
			);
			name = libavcodec;
			path = LiveBroadcast/Libs/include/libavcodec;
			sourceTree = SOURCE_ROOT;
		};
		0F27C89B1D5B39DC00AA8987 /* libavdevice */ = {
			isa = PBXGroup;
			children = (
				0F27C89C1D5B39DC00AA8987 /* avdevice.h */,
				0F27C89D1D5B39DC00AA8987 /* version.h */,
			);
			path = libavdevice;
			sourceTree = "<group>";
		};
		0F27C89E1D5B39DC00AA8987 /* libavfilter */ = {
			isa = PBXGroup;
			children = (
				0F27C89F1D5B39DC00AA8987 /* asrc_abuffer.h */,
				0F27C8A01D5B39DC00AA8987 /* avcodec.h */,
				0F27C8A11D5B39DC00AA8987 /* avfilter.h */,
				0F27C8A21D5B39DC00AA8987 /* avfiltergraph.h */,
				0F27C8A31D5B39DC00AA8987 /* buffersink.h */,
				0F27C8A41D5B39DC00AA8987 /* buffersrc.h */,
				0F27C8A51D5B39DC00AA8987 /* version.h */,
			);
			path = libavfilter;
			sourceTree = "<group>";
		};
		0F27C8A61D5B39DC00AA8987 /* libavformat */ = {
			isa = PBXGroup;
			children = (
				0F27C8A71D5B39DC00AA8987 /* avformat.h */,
				0F27C8A81D5B39DC00AA8987 /* avio.h */,
				0F27C8A91D5B39DC00AA8987 /* version.h */,
			);
			name = libavformat;
			path = LiveBroadcast/Libs/include/libavformat;
			sourceTree = SOURCE_ROOT;
		};
		0F27C8AA1D5B39DC00AA8987 /* libavutil */ = {
			isa = PBXGroup;
			children = (
				0F27C8AB1D5B39DC00AA8987 /* adler32.h */,
				0F27C8AC1D5B39DC00AA8987 /* aes.h */,
				0F27C8AD1D5B39DC00AA8987 /* attributes.h */,
				0F27C8AE1D5B39DC00AA8987 /* audio_fifo.h */,
				0F27C8AF1D5B39DC00AA8987 /* audioconvert.h */,
				0F27C8B01D5B39DC00AA8987 /* avassert.h */,
				0F27C8B11D5B39DC00AA8987 /* avconfig.h */,
				0F27C8B21D5B39DC00AA8987 /* avstring.h */,
				0F27C8B31D5B39DC00AA8987 /* avutil.h */,
				0F27C8B41D5B39DC00AA8987 /* base64.h */,
				0F27C8B51D5B39DC00AA8987 /* blowfish.h */,
				0F27C8B61D5B39DC00AA8987 /* bprint.h */,
				0F27C8B71D5B39DC00AA8987 /* bswap.h */,
				0F27C8B81D5B39DC00AA8987 /* buffer.h */,
				0F27C8B91D5B39DC00AA8987 /* camellia.h */,
				0F27C8BA1D5B39DC00AA8987 /* cast5.h */,
				0F27C8BB1D5B39DC00AA8987 /* channel_layout.h */,
				0F27C8BC1D5B39DC00AA8987 /* common.h */,
				0F27C8BD1D5B39DC00AA8987 /* cpu.h */,
				0F27C8BE1D5B39DC00AA8987 /* crc.h */,
				0F27C8BF1D5B39DC00AA8987 /* dict.h */,
				0F27C8C01D5B39DC00AA8987 /* display.h */,
				0F27C8C11D5B39DC00AA8987 /* downmix_info.h */,
				0F27C8C21D5B39DC00AA8987 /* error.h */,
				0F27C8C31D5B39DC00AA8987 /* eval.h */,
				0F27C8C41D5B39DC00AA8987 /* ffversion.h */,
				0F27C8C51D5B39DC00AA8987 /* fifo.h */,
				0F27C8C61D5B39DC00AA8987 /* file.h */,
				0F27C8C71D5B39DC00AA8987 /* frame.h */,
				0F27C8C81D5B39DC00AA8987 /* hash.h */,
				0F27C8C91D5B39DC00AA8987 /* hmac.h */,
				0F27C8CA1D5B39DC00AA8987 /* imgutils.h */,
				0F27C8CB1D5B39DC00AA8987 /* intfloat.h */,
				0F27C8CC1D5B39DC00AA8987 /* intreadwrite.h */,
				0F27C8CD1D5B39DC00AA8987 /* lfg.h */,
				0F27C8CE1D5B39DC00AA8987 /* log.h */,
				0F27C8CF1D5B39DC00AA8987 /* lzo.h */,
				0F27C8D01D5B39DC00AA8987 /* macros.h */,
				0F27C8D11D5B39DC00AA8987 /* mathematics.h */,
				0F27C8D21D5B39DC00AA8987 /* md5.h */,
				0F27C8D31D5B39DC00AA8987 /* mem.h */,
				0F27C8D41D5B39DC00AA8987 /* motion_vector.h */,
				0F27C8D51D5B39DC00AA8987 /* murmur3.h */,
				0F27C8D61D5B39DC00AA8987 /* old_pix_fmts.h */,
				0F27C8D71D5B39DC00AA8987 /* opt.h */,
				0F27C8D81D5B39DC00AA8987 /* parseutils.h */,
				0F27C8D91D5B39DC00AA8987 /* pixdesc.h */,
				0F27C8DA1D5B39DC00AA8987 /* pixelutils.h */,
				0F27C8DB1D5B39DC00AA8987 /* pixfmt.h */,
				0F27C8DC1D5B39DC00AA8987 /* random_seed.h */,
				0F27C8DD1D5B39DC00AA8987 /* rational.h */,
				0F27C8DE1D5B39DC00AA8987 /* replaygain.h */,
				0F27C8DF1D5B39DC00AA8987 /* ripemd.h */,
				0F27C8E01D5B39DC00AA8987 /* samplefmt.h */,
				0F27C8E11D5B39DC00AA8987 /* sha.h */,
				0F27C8E21D5B39DC00AA8987 /* sha512.h */,
				0F27C8E31D5B39DC00AA8987 /* stereo3d.h */,
				0F27C8E41D5B39DC00AA8987 /* tea.h */,
				0F27C8E51D5B39DC00AA8987 /* threadmessage.h */,
				0F27C8E61D5B39DC00AA8987 /* time.h */,
				0F27C8E71D5B39DC00AA8987 /* timecode.h */,
				0F27C8E81D5B39DC00AA8987 /* timestamp.h */,
				0F27C8E91D5B39DC00AA8987 /* twofish.h */,
				0F27C8EA1D5B39DC00AA8987 /* version.h */,
				0F27C8EB1D5B39DC00AA8987 /* xtea.h */,
			);
			path = libavutil;
			sourceTree = "<group>";
		};
		0F27C8EC1D5B39DC00AA8987 /* libswresample */ = {
			isa = PBXGroup;
			children = (
				0F27C8ED1D5B39DC00AA8987 /* swresample.h */,
				0F27C8EE1D5B39DC00AA8987 /* version.h */,
			);
			path = libswresample;
			sourceTree = "<group>";
		};
		0F27C8EF1D5B39DC00AA8987 /* libswscale */ = {
			isa = PBXGroup;
			children = (
				0F27C8F01D5B39DC00AA8987 /* swscale.h */,
				0F27C8F11D5B39DC00AA8987 /* version.h */,
			);
			path = libswscale;
			sourceTree = "<group>";
		};
		1F73E11DE4DB63D0570D5807 /* Pods */ = {
			isa = PBXGroup;
			children = (
				1C586D74086C55E06D30CF34 /* Pods-LiveBroadcast.debug.xcconfig */,
				974B7D98461A99B790F6D0E9 /* Pods-LiveBroadcast.release.xcconfig */,
			);
			name = Pods;
			sourceTree = "<group>";
		};
		6D43FE7F1D5C1E08008A1FC7 /* Kickflip */ = {
			isa = PBXGroup;
			children = (
				6D43FE801D5C1E08008A1FC7 /* API */,
				6D43FE8D1D5C1E08008A1FC7 /* Codecs */,
				6D43FEA91D5C1E08008A1FC7 /* Inputs */,
				6D43FEAC1D5C1E08008A1FC7 /* Kickflip-Prefix.pch */,
				6D43FEAD1D5C1E08008A1FC7 /* Kickflip.h */,
				6D43FEAE1D5C1E08008A1FC7 /* Kickflip.m */,
				6D43FEAF1D5C1E08008A1FC7 /* Outputs */,
				6D43FEBC1D5C1E08008A1FC7 /* Resources */,
				6D43FEC41D5C1E08008A1FC7 /* Utilities */,
				6D43FECA1D5C1E08008A1FC7 /* Views */,
			);
			path = Kickflip;
			sourceTree = "<group>";
		};
		6D43FE801D5C1E08008A1FC7 /* API */ = {
			isa = PBXGroup;
			children = (
				6D43FE811D5C1E08008A1FC7 /* KFAPIClient.h */,
				6D43FE821D5C1E08008A1FC7 /* KFAPIClient.m */,
				6D43FE831D5C1E08008A1FC7 /* KFPaginationInfo.h */,
				6D43FE841D5C1E08008A1FC7 /* KFPaginationInfo.m */,
				6D43FE851D5C1E08008A1FC7 /* KFRTMPStream.h */,
				6D43FE861D5C1E08008A1FC7 /* KFRTMPStream.m */,
				6D43FE871D5C1E08008A1FC7 /* KFS3Stream.h */,
				6D43FE881D5C1E08008A1FC7 /* KFS3Stream.m */,
				6D43FE891D5C1E08008A1FC7 /* KFStream.h */,
				6D43FE8A1D5C1E08008A1FC7 /* KFStream.m */,
				6D43FE8B1D5C1E08008A1FC7 /* KFUser.h */,
				6D43FE8C1D5C1E08008A1FC7 /* KFUser.m */,
			);
			path = API;
			sourceTree = "<group>";
		};
		6D43FE8D1D5C1E08008A1FC7 /* Codecs */ = {
			isa = PBXGroup;
			children = (
				6D43FE8E1D5C1E08008A1FC7 /* Audio */,
				6D43FE941D5C1E08008A1FC7 /* KFEncoder.h */,
				6D43FE951D5C1E08008A1FC7 /* KFEncoder.m */,
				6D43FE961D5C1E08008A1FC7 /* KFFrame.h */,
				6D43FE971D5C1E08008A1FC7 /* KFFrame.m */,
				6D43FE981D5C1E08008A1FC7 /* Video */,
			);
			path = Codecs;
			sourceTree = "<group>";
		};
		6D43FE8E1D5C1E08008A1FC7 /* Audio */ = {
			isa = PBXGroup;
			children = (
				6D43FE8F1D5C1E08008A1FC7 /* AAC */,
				6D43FE921D5C1E08008A1FC7 /* KFAudioEncoder.h */,
				6D43FE931D5C1E08008A1FC7 /* KFAudioEncoder.m */,
			);
			path = Audio;
			sourceTree = "<group>";
		};
		6D43FE8F1D5C1E08008A1FC7 /* AAC */ = {
			isa = PBXGroup;
			children = (
				6D43FE901D5C1E08008A1FC7 /* KFAACEncoder.h */,
				6D43FE911D5C1E08008A1FC7 /* KFAACEncoder.m */,
			);
			path = AAC;
			sourceTree = "<group>";
		};
		6D43FE981D5C1E08008A1FC7 /* Video */ = {
			isa = PBXGroup;
			children = (
				6D43FE991D5C1E08008A1FC7 /* H264 */,
				6D43FEA51D5C1E08008A1FC7 /* KFVideoEncoder.h */,
				6D43FEA61D5C1E08008A1FC7 /* KFVideoEncoder.m */,
				6D43FEA71D5C1E08008A1FC7 /* KFVideoFrame.h */,
				6D43FEA81D5C1E08008A1FC7 /* KFVideoFrame.m */,
			);
			path = Video;
			sourceTree = "<group>";
		};
		6D43FE991D5C1E08008A1FC7 /* H264 */ = {
			isa = PBXGroup;
			children = (
				6D43FE9A1D5C1E08008A1FC7 /* AVEncoder.h */,
				6D43FE9B1D5C1E08008A1FC7 /* AVEncoder.mm */,
				6D43FE9C1D5C1E08008A1FC7 /* KFH264Encoder.h */,
				6D43FE9D1D5C1E08008A1FC7 /* KFH264Encoder.mm */,
				6D43FE9E1D5C1E08008A1FC7 /* LICENSE.markdown */,
				6D43FE9F1D5C1E08008A1FC7 /* MP4Atom.h */,
				6D43FEA01D5C1E08008A1FC7 /* MP4Atom.m */,
				6D43FEA11D5C1E08008A1FC7 /* NALUnit.cpp */,
				6D43FEA21D5C1E08008A1FC7 /* NALUnit.h */,
				6D43FEA31D5C1E08008A1FC7 /* VideoEncoder.h */,
				6D43FEA41D5C1E08008A1FC7 /* VideoEncoder.m */,
			);
			path = H264;
			sourceTree = "<group>";
		};
		6D43FEA91D5C1E08008A1FC7 /* Inputs */ = {
			isa = PBXGroup;
			children = (
				6D43FEAA1D5C1E08008A1FC7 /* KFRecorder.h */,
				6D43FEAB1D5C1E08008A1FC7 /* KFRecorder.m */,
			);
			path = Inputs;
			sourceTree = "<group>";
		};
		6D43FEAF1D5C1E08008A1FC7 /* Outputs */ = {
			isa = PBXGroup;
			children = (
				6D43FEB01D5C1E08008A1FC7 /* Muxers */,
			);
			path = Outputs;
			sourceTree = "<group>";
		};
		6D43FEB01D5C1E08008A1FC7 /* Muxers */ = {
			isa = PBXGroup;
			children = (
				6D43FEB11D5C1E08008A1FC7 /* HLS */,
			);
			path = Muxers;
			sourceTree = "<group>";
		};
		6D43FEB11D5C1E08008A1FC7 /* HLS */ = {
			isa = PBXGroup;
			children = (
				6D43FEB21D5C1E08008A1FC7 /* KFDirectoryWatcher.h */,
				6D43FEB31D5C1E08008A1FC7 /* KFDirectoryWatcher.m */,
				6D43FEB41D5C1E08008A1FC7 /* KFHLSManifestGenerator.h */,
				6D43FEB51D5C1E08008A1FC7 /* KFHLSManifestGenerator.m */,
				6D43FEB61D5C1E08008A1FC7 /* KFHLSMonitor.h */,
				6D43FEB71D5C1E08008A1FC7 /* KFHLSMonitor.m */,
				6D43FEB81D5C1E08008A1FC7 /* KFHLSUploader.h */,
				6D43FEB91D5C1E08008A1FC7 /* KFHLSUploader.m */,
				6D43FEBA1D5C1E08008A1FC7 /* KFHLSWriter.h */,
				6D43FEBB1D5C1E08008A1FC7 /* KFHLSWriter.m */,
			);
			path = HLS;
			sourceTree = "<group>";
		};
		6D43FEBC1D5C1E08008A1FC7 /* Resources */ = {
			isa = PBXGroup;
			children = (
				6D43FEBD1D5C1E08008A1FC7 /* KFCameraReverse@2x.png */,
				6D43FEBE1D5C1E08008A1FC7 /* KFCameraReversePressed@2x.png */,
				6D43FEBF1D5C1E08008A1FC7 /* KFDeviceRotation@2x.png */,
				6D43FEC01D5C1E08008A1FC7 /* KFRecordButtonBorder@2x.png */,
				6D43FEC11D5C1E08008A1FC7 /* KFRecordButtonStart@2x.png */,
				6D43FEC21D5C1E08008A1FC7 /* KFRecordButtonStop@2x.png */,
				6D43FEC31D5C1E08008A1FC7 /* KFStreamTableViewCellDots@2x.png */,
			);
			path = Resources;
			sourceTree = "<group>";
		};
		6D43FEC41D5C1E08008A1FC7 /* Utilities */ = {
			isa = PBXGroup;
			children = (
				6D43FEC51D5C1E08008A1FC7 /* KFAWSCredentialsProvider.h */,
				6D43FEC61D5C1E08008A1FC7 /* KFAWSCredentialsProvider.m */,
				6D43FEC71D5C1E08008A1FC7 /* KFDateUtils.h */,
				6D43FEC81D5C1E08008A1FC7 /* KFDateUtils.m */,
				6D43FEC91D5C1E08008A1FC7 /* KFLog.h */,
			);
			path = Utilities;
			sourceTree = "<group>";
		};
		6D43FECA1D5C1E08008A1FC7 /* Views */ = {
			isa = PBXGroup;
			children = (
				6D43FECB1D5C1E08008A1FC7 /* KFBroadcastViewController.h */,
				6D43FECC1D5C1E08008A1FC7 /* KFBroadcastViewController.m */,
				6D43FECD1D5C1E08008A1FC7 /* KFLiveBannerView.h */,
				6D43FECE1D5C1E08008A1FC7 /* KFLiveBannerView.m */,
				6D43FECF1D5C1E08008A1FC7 /* KFRecordButton.h */,
				6D43FED01D5C1E08008A1FC7 /* KFRecordButton.m */,
				6D43FED11D5C1E08008A1FC7 /* KFStreamTableViewCell.h */,
				6D43FED21D5C1E08008A1FC7 /* KFStreamTableViewCell.m */,
			);
			path = Views;
			sourceTree = "<group>";
		};
		6D43FEF91D5C2099008A1FC7 /* librtmp */ = {
			isa = PBXGroup;
			children = (
				6D43FEFA1D5C2099008A1FC7 /* amf.h */,
				6D43FEFB1D5C2099008A1FC7 /* http.h */,
				6D43FEFC1D5C2099008A1FC7 /* log.h */,
				6D43FEFD1D5C2099008A1FC7 /* rtmp.h */,
			);
			path = librtmp;
			sourceTree = "<group>";
		};
		A96CC93CEDA00623A6A67440 /* Frameworks */ = {
			isa = PBXGroup;
			children = (
				0F27C9131D5B3CA800AA8987 /* libiconv.tbd */,
				0F27C9111D5B3CA300AA8987 /* libbz2.tbd */,
				0F27C90F1D5B3C8100AA8987 /* libz.tbd */,
				0F27C88B1D5B39DC00AA8987 /* include */,
				6D43FEFE1D5C20B3008A1FC7 /* librtmp.a */,
				0F27C8691D5B105000AA8987 /* AVFoundation.framework */,
				6D2B1D6B1D61A11700B07F30 /* libAFNetworking.a */,
				6D2B1D6C1D61A11700B07F30 /* libAFOAuth2Manager.a */,
				6D2B1D6D1D61A11700B07F30 /* libAWSCore.a */,
				6D2B1D6E1D61A11700B07F30 /* libAWSS3.a */,
				6D2B1D6F1D61A11700B07F30 /* libCocoaLumberjack.a */,
				6D2B1D701D61A11700B07F30 /* libFormatterKit.a */,
				6D2B1D711D61A11700B07F30 /* libMantle.a */,
				6D2B1D721D61A11700B07F30 /* libPureLayout.a */,
				6D2B1D731D61A11700B07F30 /* libSDWebImage.a */,
				6D2B1D741D61A11700B07F30 /* libSSKeychain.a */,
				6D2B1D691D61A10E00B07F30 /* libFFmpegWrapper.a */,
				863A57FF338F35D14EDACDE0 /* libPods-LiveBroadcast.a */,
			);
			name = Frameworks;
			sourceTree = "<group>";
		};
/* End PBXGroup section */

/* Begin PBXNativeTarget section */
		0F27C84D1D5AC0BA00AA8987 /* LiveBroadcast */ = {
			isa = PBXNativeTarget;
			buildConfigurationList = 0F27C8651D5AC0BA00AA8987 /* Build configuration list for PBXNativeTarget "LiveBroadcast" */;
			buildPhases = (
				867CD4C4C37751EC47624E15 /* [CP] Check Pods Manifest.lock */,
				0F27C84A1D5AC0BA00AA8987 /* Sources */,
				0F27C84B1D5AC0BA00AA8987 /* Frameworks */,
				0F27C84C1D5AC0BA00AA8987 /* Resources */,
				EE5BEC680F669BCC99687618 /* [CP] Embed Pods Frameworks */,
				DF793159368E5C2660B8B624 /* [CP] Copy Pods Resources */,
			);
			buildRules = (
			);
			dependencies = (
			);
			name = LiveBroadcast;
			productName = LiveBroadcast;
			productReference = 0F27C84E1D5AC0BA00AA8987 /* LiveBroadcast.app */;
			productType = "com.apple.product-type.application";
		};
/* End PBXNativeTarget section */

/* Begin PBXProject section */
		0F27C8461D5AC0BA00AA8987 /* Project object */ = {
			isa = PBXProject;
			attributes = {
				LastUpgradeCheck = 0730;
				ORGANIZATIONNAME = Jiao;
				TargetAttributes = {
					0F27C84D1D5AC0BA00AA8987 = {
						CreatedOnToolsVersion = 7.3.1;
						DevelopmentTeam = L82Z4FT6Y2;
					};
				};
			};
			buildConfigurationList = 0F27C8491D5AC0BA00AA8987 /* Build configuration list for PBXProject "LiveBroadcast" */;
			compatibilityVersion = "Xcode 3.2";
			developmentRegion = English;
			hasScannedForEncodings = 0;
			knownRegions = (
				en,
				Base,
			);
			mainGroup = 0F27C8451D5AC0BA00AA8987;
			productRefGroup = 0F27C84F1D5AC0BA00AA8987 /* Products */;
			projectDirPath = "";
			projectRoot = "";
			targets = (
				0F27C84D1D5AC0BA00AA8987 /* LiveBroadcast */,
			);
		};
/* End PBXProject section */

/* Begin PBXResourcesBuildPhase section */
		0F27C84C1D5AC0BA00AA8987 /* Resources */ = {
			isa = PBXResourcesBuildPhase;
			buildActionMask = 2147483647;
			files = (
				0F27C8611D5AC0BA00AA8987 /* LaunchScreen.storyboard in Resources */,
				6D43FEF01D5C1E08008A1FC7 /* KFRecordButtonStart@2x.png in Resources */,
				6D43FEF21D5C1E08008A1FC7 /* KFStreamTableViewCellDots@2x.png in Resources */,
				6D43FEEC1D5C1E08008A1FC7 /* KFCameraReverse@2x.png in Resources */,
				0F27C85E1D5AC0BA00AA8987 /* Assets.xcassets in Resources */,
				6D43FEEF1D5C1E08008A1FC7 /* KFRecordButtonBorder@2x.png in Resources */,
				6D43FEEE1D5C1E08008A1FC7 /* KFDeviceRotation@2x.png in Resources */,
				6D43FEED1D5C1E08008A1FC7 /* KFCameraReversePressed@2x.png in Resources */,
				0F27C85C1D5AC0BA00AA8987 /* Main.storyboard in Resources */,
				6D43FEF11D5C1E08008A1FC7 /* KFRecordButtonStop@2x.png in Resources */,
			);
			runOnlyForDeploymentPostprocessing = 0;
		};
/* End PBXResourcesBuildPhase section */

/* Begin PBXShellScriptBuildPhase section */
		867CD4C4C37751EC47624E15 /* [CP] Check Pods Manifest.lock */ = {
			isa = PBXShellScriptBuildPhase;
			buildActionMask = 2147483647;
			files = (
			);
			inputPaths = (
			);
			name = "[CP] Check Pods Manifest.lock";
			outputPaths = (
			);
			runOnlyForDeploymentPostprocessing = 0;
			shellPath = /bin/sh;
			shellScript = "diff \"${PODS_ROOT}/../Podfile.lock\" \"${PODS_ROOT}/Manifest.lock\" > /dev/null\nif [[ $? != 0 ]] ; then\n    cat << EOM\nerror: The sandbox is not in sync with the Podfile.lock. Run 'pod install' or update your CocoaPods installation.\nEOM\n    exit 1\nfi\n";
			showEnvVarsInLog = 0;
		};
		DF793159368E5C2660B8B624 /* [CP] Copy Pods Resources */ = {
			isa = PBXShellScriptBuildPhase;
			buildActionMask = 2147483647;
			files = (
			);
			inputPaths = (
			);
			name = "[CP] Copy Pods Resources";
			outputPaths = (
			);
			runOnlyForDeploymentPostprocessing = 0;
			shellPath = /bin/sh;
			shellScript = "\"${SRCROOT}/Pods/Target Support Files/Pods-LiveBroadcast/Pods-LiveBroadcast-resources.sh\"\n";
			showEnvVarsInLog = 0;
		};
		EE5BEC680F669BCC99687618 /* [CP] Embed Pods Frameworks */ = {
			isa = PBXShellScriptBuildPhase;
			buildActionMask = 2147483647;
			files = (
			);
			inputPaths = (
			);
			name = "[CP] Embed Pods Frameworks";
			outputPaths = (
			);
			runOnlyForDeploymentPostprocessing = 0;
			shellPath = /bin/sh;
			shellScript = "\"${SRCROOT}/Pods/Target Support Files/Pods-LiveBroadcast/Pods-LiveBroadcast-frameworks.sh\"\n";
			showEnvVarsInLog = 0;
		};
/* End PBXShellScriptBuildPhase section */

/* Begin PBXSourcesBuildPhase section */
		0F27C84A1D5AC0BA00AA8987 /* Sources */ = {
			isa = PBXSourcesBuildPhase;
			buildActionMask = 2147483647;
			files = (
				6D43FEE21D5C1E08008A1FC7 /* VideoEncoder.m in Sources */,
				6D43FEE81D5C1E08008A1FC7 /* KFHLSManifestGenerator.m in Sources */,
				0F27C8591D5AC0BA00AA8987 /* ViewController.m in Sources */,
				6D43FEE41D5C1E08008A1FC7 /* KFVideoFrame.m in Sources */,
				6D43FEF31D5C1E08008A1FC7 /* KFAWSCredentialsProvider.m in Sources */,
				6D43FEE01D5C1E08008A1FC7 /* MP4Atom.m in Sources */,
				6D43FEE91D5C1E08008A1FC7 /* KFHLSMonitor.m in Sources */,
				6D43FED51D5C1E08008A1FC7 /* KFRTMPStream.m in Sources */,
				6D43FEE51D5C1E08008A1FC7 /* KFRecorder.m in Sources */,
				6D43FEEB1D5C1E08008A1FC7 /* KFHLSWriter.m in Sources */,
				6D43FED61D5C1E08008A1FC7 /* KFS3Stream.m in Sources */,
				6D43FED31D5C1E08008A1FC7 /* KFAPIClient.m in Sources */,
				6D43FEDC1D5C1E08008A1FC7 /* KFFrame.m in Sources */,
				0F27C8561D5AC0BA00AA8987 /* AppDelegate.m in Sources */,
				6D43FEF61D5C1E08008A1FC7 /* KFLiveBannerView.m in Sources */,
				6D43FED81D5C1E08008A1FC7 /* KFUser.m in Sources */,
				6D43FEDF1D5C1E08008A1FC7 /* LICENSE.markdown in Sources */,
				6D43FEE31D5C1E08008A1FC7 /* KFVideoEncoder.m in Sources */,
				6D43FEDD1D5C1E08008A1FC7 /* AVEncoder.mm in Sources */,
				6D43FEDE1D5C1E08008A1FC7 /* KFH264Encoder.mm in Sources */,
				6D43FEDA1D5C1E08008A1FC7 /* KFAudioEncoder.m in Sources */,
				6D43FED71D5C1E08008A1FC7 /* KFStream.m in Sources */,
				6D43FEDB1D5C1E08008A1FC7 /* KFEncoder.m in Sources */,
				6D43FEE11D5C1E08008A1FC7 /* NALUnit.cpp in Sources */,
				6D43FEF71D5C1E08008A1FC7 /* KFRecordButton.m in Sources */,
				6D43FEF81D5C1E08008A1FC7 /* KFStreamTableViewCell.m in Sources */,
				6D43FEE61D5C1E08008A1FC7 /* Kickflip.m in Sources */,
				6D43FEF41D5C1E08008A1FC7 /* KFDateUtils.m in Sources */,
				6D43FED41D5C1E08008A1FC7 /* KFPaginationInfo.m in Sources */,
				6D43FEF51D5C1E08008A1FC7 /* KFBroadcastViewController.m in Sources */,
				6D43FEE71D5C1E08008A1FC7 /* KFDirectoryWatcher.m in Sources */,
				0F27C8531D5AC0BA00AA8987 /* main.m in Sources */,
				6D43FEEA1D5C1E08008A1FC7 /* KFHLSUploader.m in Sources */,
				6D43FED91D5C1E08008A1FC7 /* KFAACEncoder.m in Sources */,
			);
			runOnlyForDeploymentPostprocessing = 0;
		};
/* End PBXSourcesBuildPhase section */

/* Begin PBXVariantGroup section */
		0F27C85A1D5AC0BA00AA8987 /* Main.storyboard */ = {
			isa = PBXVariantGroup;
			children = (
				0F27C85B1D5AC0BA00AA8987 /* Base */,
			);
			name = Main.storyboard;
			sourceTree = "<group>";
		};
		0F27C85F1D5AC0BA00AA8987 /* LaunchScreen.storyboard */ = {
			isa = PBXVariantGroup;
			children = (
				0F27C8601D5AC0BA00AA8987 /* Base */,
			);
			name = LaunchScreen.storyboard;
			sourceTree = "<group>";
		};
/* End PBXVariantGroup section */

/* Begin XCBuildConfiguration section */
		0F27C8631D5AC0BA00AA8987 /* Debug */ = {
			isa = XCBuildConfiguration;
			buildSettings = {
				ALWAYS_SEARCH_USER_PATHS = NO;
				CLANG_ANALYZER_NONNULL = YES;
				CLANG_CXX_LANGUAGE_STANDARD = "gnu++0x";
				CLANG_CXX_LIBRARY = "libc++";
				CLANG_ENABLE_MODULES = YES;
				CLANG_ENABLE_OBJC_ARC = YES;
				CLANG_WARN_BOOL_CONVERSION = YES;
				CLANG_WARN_CONSTANT_CONVERSION = YES;
				CLANG_WARN_DIRECT_OBJC_ISA_USAGE = YES_ERROR;
				CLANG_WARN_EMPTY_BODY = YES;
				CLANG_WARN_ENUM_CONVERSION = YES;
				CLANG_WARN_INT_CONVERSION = YES;
				CLANG_WARN_OBJC_ROOT_CLASS = YES_ERROR;
				CLANG_WARN_UNREACHABLE_CODE = YES;
				CLANG_WARN__DUPLICATE_METHOD_MATCH = YES;
				"CODE_SIGN_IDENTITY[sdk=iphoneos*]" = "iPhone Developer";
				COPY_PHASE_STRIP = NO;
				DEBUG_INFORMATION_FORMAT = dwarf;
				ENABLE_STRICT_OBJC_MSGSEND = YES;
				ENABLE_TESTABILITY = YES;
				GCC_C_LANGUAGE_STANDARD = gnu99;
				GCC_DYNAMIC_NO_PIC = NO;
				GCC_NO_COMMON_BLOCKS = YES;
				GCC_OPTIMIZATION_LEVEL = 0;
				GCC_PREPROCESSOR_DEFINITIONS = (
					"DEBUG=1",
					"$(inherited)",
				);
				GCC_WARN_64_TO_32_BIT_CONVERSION = YES;
				GCC_WARN_ABOUT_RETURN_TYPE = YES_ERROR;
				GCC_WARN_UNDECLARED_SELECTOR = YES;
				GCC_WARN_UNINITIALIZED_AUTOS = YES_AGGRESSIVE;
				GCC_WARN_UNUSED_FUNCTION = YES;
				GCC_WARN_UNUSED_VARIABLE = YES;
				IPHONEOS_DEPLOYMENT_TARGET = 8.0;
				MTL_ENABLE_DEBUG_INFO = YES;
				ONLY_ACTIVE_ARCH = YES;
				SDKROOT = iphoneos;
				TARGETED_DEVICE_FAMILY = "1,2";
			};
			name = Debug;
		};
		0F27C8641D5AC0BA00AA8987 /* Release */ = {
			isa = XCBuildConfiguration;
			buildSettings = {
				ALWAYS_SEARCH_USER_PATHS = NO;
				CLANG_ANALYZER_NONNULL = YES;
				CLANG_CXX_LANGUAGE_STANDARD = "gnu++0x";
				CLANG_CXX_LIBRARY = "libc++";
				CLANG_ENABLE_MODULES = YES;
				CLANG_ENABLE_OBJC_ARC = YES;
				CLANG_WARN_BOOL_CONVERSION = YES;
				CLANG_WARN_CONSTANT_CONVERSION = YES;
				CLANG_WARN_DIRECT_OBJC_ISA_USAGE = YES_ERROR;
				CLANG_WARN_EMPTY_BODY = YES;
				CLANG_WARN_ENUM_CONVERSION = YES;
				CLANG_WARN_INT_CONVERSION = YES;
				CLANG_WARN_OBJC_ROOT_CLASS = YES_ERROR;
				CLANG_WARN_UNREACHABLE_CODE = YES;
				CLANG_WARN__DUPLICATE_METHOD_MATCH = YES;
				"CODE_SIGN_IDENTITY[sdk=iphoneos*]" = "iPhone Developer";
				COPY_PHASE_STRIP = NO;
				DEBUG_INFORMATION_FORMAT = "dwarf-with-dsym";
				ENABLE_NS_ASSERTIONS = NO;
				ENABLE_STRICT_OBJC_MSGSEND = YES;
				GCC_C_LANGUAGE_STANDARD = gnu99;
				GCC_NO_COMMON_BLOCKS = YES;
				GCC_WARN_64_TO_32_BIT_CONVERSION = YES;
				GCC_WARN_ABOUT_RETURN_TYPE = YES_ERROR;
				GCC_WARN_UNDECLARED_SELECTOR = YES;
				GCC_WARN_UNINITIALIZED_AUTOS = YES_AGGRESSIVE;
				GCC_WARN_UNUSED_FUNCTION = YES;
				GCC_WARN_UNUSED_VARIABLE = YES;
				IPHONEOS_DEPLOYMENT_TARGET = 8.0;
				MTL_ENABLE_DEBUG_INFO = NO;
				SDKROOT = iphoneos;
				TARGETED_DEVICE_FAMILY = "1,2";
				VALIDATE_PRODUCT = YES;
			};
			name = Release;
		};
		0F27C8661D5AC0BA00AA8987 /* Debug */ = {
			isa = XCBuildConfiguration;
			baseConfigurationReference = 1C586D74086C55E06D30CF34 /* Pods-LiveBroadcast.debug.xcconfig */;
			buildSettings = {
				ASSETCATALOG_COMPILER_APPICON_NAME = AppIcon;
				CODE_SIGN_IDENTITY = "iPhone Developer";
				"CODE_SIGN_IDENTITY[sdk=iphoneos*]" = "iPhone Developer";
				ENABLE_BITCODE = NO;
				INFOPLIST_FILE = LiveBroadcast/Info.plist;
				LD_RUNPATH_SEARCH_PATHS = "$(inherited) @executable_path/Frameworks";
				LIBRARY_SEARCH_PATHS = (
					"$(inherited)",
					"$(PROJECT_DIR)/LiveBroadcast/Libs",
				);
				PRODUCT_BUNDLE_IDENTIFIER = VM.LiveBroadcast;
				PRODUCT_NAME = "$(TARGET_NAME)";
				PROVISIONING_PROFILE = "";
			};
			name = Debug;
		};
		0F27C8671D5AC0BA00AA8987 /* Release */ = {
			isa = XCBuildConfiguration;
			baseConfigurationReference = 974B7D98461A99B790F6D0E9 /* Pods-LiveBroadcast.release.xcconfig */;
			buildSettings = {
				ASSETCATALOG_COMPILER_APPICON_NAME = AppIcon;
				CODE_SIGN_IDENTITY = "iPhone Developer";
				"CODE_SIGN_IDENTITY[sdk=iphoneos*]" = "iPhone Developer";
				ENABLE_BITCODE = NO;
				INFOPLIST_FILE = LiveBroadcast/Info.plist;
				LD_RUNPATH_SEARCH_PATHS = "$(inherited) @executable_path/Frameworks";
				LIBRARY_SEARCH_PATHS = (
					"$(inherited)",
					"$(PROJECT_DIR)/LiveBroadcast/Libs",
				);
				PRODUCT_BUNDLE_IDENTIFIER = VM.LiveBroadcast;
				PRODUCT_NAME = "$(TARGET_NAME)";
				PROVISIONING_PROFILE = "";
			};
			name = Release;
		};
/* End XCBuildConfiguration section */

/* Begin XCConfigurationList section */
		0F27C8491D5AC0BA00AA8987 /* Build configuration list for PBXProject "LiveBroadcast" */ = {
			isa = XCConfigurationList;
			buildConfigurations = (
				0F27C8631D5AC0BA00AA8987 /* Debug */,
				0F27C8641D5AC0BA00AA8987 /* Release */,
			);
			defaultConfigurationIsVisible = 0;
			defaultConfigurationName = Release;
		};
		0F27C8651D5AC0BA00AA8987 /* Build configuration list for PBXNativeTarget "LiveBroadcast" */ = {
			isa = XCConfigurationList;
			buildConfigurations = (
				0F27C8661D5AC0BA00AA8987 /* Debug */,
				0F27C8671D5AC0BA00AA8987 /* Release */,
			);
			defaultConfigurationIsVisible = 0;
			defaultConfigurationName = Release;
		};
/* End XCConfigurationList section */
	};
	rootObject = 0F27C8461D5AC0BA00AA8987 /* Project object */;
}
